// !$*UTF8*$!
{
	archiveVersion = 1;
	classes = {
	};
	objectVersion = 46;
	objects = {

/* Begin PBXBuildFile section */
		8A569F481E6B3ED2008BE2AC /* DownView.swift in Sources */ = {isa = PBXBuildFile; fileRef = D43AE5D91CFFD0D0006E1522 /* DownView.swift */; };
		8A569F6E1E6B3EDE008BE2AC /* DownASTRenderable.swift in Sources */ = {isa = PBXBuildFile; fileRef = D486E9951CFDD4860059FD7C /* DownASTRenderable.swift */; };
		8A569F6F1E6B3EDE008BE2AC /* DownAttributedStringRenderable.swift in Sources */ = {isa = PBXBuildFile; fileRef = D4CF88971CFFAC2C00F07FD1 /* DownAttributedStringRenderable.swift */; };
		8A569F701E6B3EDE008BE2AC /* DownCommonMarkRenderable.swift in Sources */ = {isa = PBXBuildFile; fileRef = D4DC91131CFDED4B0091CE09 /* DownCommonMarkRenderable.swift */; };
		8A569F711E6B3EDE008BE2AC /* DownGroffRenderable.swift in Sources */ = {isa = PBXBuildFile; fileRef = D486E9991CFDE28B0059FD7C /* DownGroffRenderable.swift */; };
		8A569F721E6B3EDE008BE2AC /* DownHTMLRenderable.swift in Sources */ = {isa = PBXBuildFile; fileRef = D44875E51CFA6B660037A624 /* DownHTMLRenderable.swift */; };
		8A569F731E6B3EDE008BE2AC /* DownLaTeXRenderable.swift in Sources */ = {isa = PBXBuildFile; fileRef = D486E9971CFDE2730059FD7C /* DownLaTeXRenderable.swift */; };
		8A569F741E6B3EDE008BE2AC /* DownXMLRenderable.swift in Sources */ = {isa = PBXBuildFile; fileRef = D486E9931CFDD33C0059FD7C /* DownXMLRenderable.swift */; };
		8A569F751E6B3EDE008BE2AC /* DownRenderable.swift in Sources */ = {isa = PBXBuildFile; fileRef = D44875E31CFA6B200037A624 /* DownRenderable.swift */; };
		8A569F761E6B3EE3008BE2AC /* NSAttributedString+HTML.swift in Sources */ = {isa = PBXBuildFile; fileRef = D43AE5C91CFFAE4D006E1522 /* NSAttributedString+HTML.swift */; };
		8A569F771E6B3EE3008BE2AC /* String+ToHTML.swift in Sources */ = {isa = PBXBuildFile; fileRef = D43AE5DB1CFFD473006E1522 /* String+ToHTML.swift */; };
		8A569F781E6B3EE7008BE2AC /* DownErrors.swift in Sources */ = {isa = PBXBuildFile; fileRef = D44875E81CFA6CF30037A624 /* DownErrors.swift */; };
		8A569F791E6B3EE7008BE2AC /* DownOptions.swift in Sources */ = {isa = PBXBuildFile; fileRef = D44875E91CFA6CF30037A624 /* DownOptions.swift */; };
		8A569F7A1E6B3EEA008BE2AC /* Down.swift in Sources */ = {isa = PBXBuildFile; fileRef = D4201EF01CFA59F2008EEC6E /* Down.swift */; };
		8A569F7B1E6B3EEE008BE2AC /* DownView.bundle in Resources */ = {isa = PBXBuildFile; fileRef = D41689B51CFFE6BB00E5802B /* DownView.bundle */; };
		8AFAEB001E6E32E900E09B68 /* Down.framework in Frameworks */ = {isa = PBXBuildFile; fileRef = 8A569F401E6B3E50008BE2AC /* Down.framework */; };
		8AFAEB061E6E331700E09B68 /* BindingTests.swift in Sources */ = {isa = PBXBuildFile; fileRef = D4201EC51CFA59A5008EEC6E /* BindingTests.swift */; };
		8AFAEB071E6E331700E09B68 /* DownViewTests.swift in Sources */ = {isa = PBXBuildFile; fileRef = D41689B21CFFE28200E5802B /* DownViewTests.swift */; };
		8AFAEB081E6E331700E09B68 /* NSAttributedStringTests.swift in Sources */ = {isa = PBXBuildFile; fileRef = D4F948DB1D00A4A800C9C0F6 /* NSAttributedStringTests.swift */; };
		8AFAEB091E6E331700E09B68 /* StringTests.swift in Sources */ = {isa = PBXBuildFile; fileRef = D438696B1D00D27700E95A1F /* StringTests.swift */; };
		907C64651EC133780095FEE1 /* TestDownView.bundle in Resources */ = {isa = PBXBuildFile; fileRef = 907C64621EC120530095FEE1 /* TestDownView.bundle */; };
		90A40A9C1EC03292004F2E91 /* Down.framework in Copy Bundled Frameworks */ = {isa = PBXBuildFile; fileRef = 8A569F401E6B3E50008BE2AC /* Down.framework */; settings = {ATTRIBUTES = (CodeSignOnCopy, RemoveHeadersOnCopy, ); }; };
/* End PBXBuildFile section */

/* Begin PBXContainerItemProxy section */
		8AFAEB011E6E32E900E09B68 /* PBXContainerItemProxy */ = {
			isa = PBXContainerItemProxy;
			containerPortal = D4201E771CFA5151008EEC6E /* Project object */;
			proxyType = 1;
			remoteGlobalIDString = 8A569F3F1E6B3E50008BE2AC;
			remoteInfo = Down;
		};
/* End PBXContainerItemProxy section */

/* Begin PBXCopyFilesBuildPhase section */
		90A40A9B1EC03282004F2E91 /* Copy Bundled Frameworks */ = {
			isa = PBXCopyFilesBuildPhase;
			buildActionMask = 2147483647;
			dstPath = "";
			dstSubfolderSpec = 7;
			files = (
				90A40A9C1EC03292004F2E91 /* Down.framework in Copy Bundled Frameworks */,
			);
			name = "Copy Bundled Frameworks";
			runOnlyForDeploymentPostprocessing = 0;
		};
/* End PBXCopyFilesBuildPhase section */

/* Begin PBXFileReference section */
		8A569F401E6B3E50008BE2AC /* Down.framework */ = {isa = PBXFileReference; explicitFileType = wrapper.framework; includeInIndex = 0; path = Down.framework; sourceTree = BUILT_PRODUCTS_DIR; };
		8AFAEAFB1E6E32E900E09B68 /* DownTests.xctest */ = {isa = PBXFileReference; explicitFileType = wrapper.cfbundle; includeInIndex = 0; path = DownTests.xctest; sourceTree = BUILT_PRODUCTS_DIR; };
		907C64621EC120530095FEE1 /* TestDownView.bundle */ = {isa = PBXFileReference; lastKnownFileType = "wrapper.plug-in"; path = TestDownView.bundle; sourceTree = "<group>"; };
		90A40A951EC02FF6004F2E91 /* Down-Info.plist */ = {isa = PBXFileReference; lastKnownFileType = text.plist.xml; path = "Down-Info.plist"; sourceTree = "<group>"; };
		90A40A961EC02FF6004F2E91 /* DownTests-Info.plist */ = {isa = PBXFileReference; lastKnownFileType = text.plist.xml; path = "DownTests-Info.plist"; sourceTree = "<group>"; };
		90A40A981EC0309A004F2E91 /* Deployment-Targets.xcconfig */ = {isa = PBXFileReference; lastKnownFileType = text.xcconfig; path = "Deployment-Targets.xcconfig"; sourceTree = "<group>"; };
		90A40A991EC0309A004F2E91 /* Universal-Framework-Target.xcconfig */ = {isa = PBXFileReference; lastKnownFileType = text.xcconfig; path = "Universal-Framework-Target.xcconfig"; sourceTree = "<group>"; };
		90A40A9A1EC0309A004F2E91 /* Universal-Target-Base.xcconfig */ = {isa = PBXFileReference; lastKnownFileType = text.xcconfig; path = "Universal-Target-Base.xcconfig"; sourceTree = "<group>"; };
		D41689B21CFFE28200E5802B /* DownViewTests.swift */ = {isa = PBXFileReference; fileEncoding = 4; lastKnownFileType = sourcecode.swift; path = DownViewTests.swift; sourceTree = "<group>"; };
		D41689B51CFFE6BB00E5802B /* DownView.bundle */ = {isa = PBXFileReference; lastKnownFileType = "wrapper.plug-in"; path = DownView.bundle; sourceTree = "<group>"; };
		D4201EC51CFA59A5008EEC6E /* BindingTests.swift */ = {isa = PBXFileReference; fileEncoding = 4; lastKnownFileType = sourcecode.swift; path = BindingTests.swift; sourceTree = "<group>"; };
		D4201EF01CFA59F2008EEC6E /* Down.swift */ = {isa = PBXFileReference; fileEncoding = 4; lastKnownFileType = sourcecode.swift; path = Down.swift; sourceTree = "<group>"; };
		D438696B1D00D27700E95A1F /* StringTests.swift */ = {isa = PBXFileReference; fileEncoding = 4; lastKnownFileType = sourcecode.swift; path = StringTests.swift; sourceTree = "<group>"; };
		D43AE5C91CFFAE4D006E1522 /* NSAttributedString+HTML.swift */ = {isa = PBXFileReference; fileEncoding = 4; lastKnownFileType = sourcecode.swift; path = "NSAttributedString+HTML.swift"; sourceTree = "<group>"; };
		D43AE5D91CFFD0D0006E1522 /* DownView.swift */ = {isa = PBXFileReference; fileEncoding = 4; lastKnownFileType = sourcecode.swift; path = DownView.swift; sourceTree = "<group>"; };
		D43AE5DB1CFFD473006E1522 /* String+ToHTML.swift */ = {isa = PBXFileReference; fileEncoding = 4; lastKnownFileType = sourcecode.swift; path = "String+ToHTML.swift"; sourceTree = "<group>"; };
		D44875E31CFA6B200037A624 /* DownRenderable.swift */ = {isa = PBXFileReference; fileEncoding = 4; lastKnownFileType = sourcecode.swift; path = DownRenderable.swift; sourceTree = "<group>"; };
		D44875E51CFA6B660037A624 /* DownHTMLRenderable.swift */ = {isa = PBXFileReference; fileEncoding = 4; lastKnownFileType = sourcecode.swift; path = DownHTMLRenderable.swift; sourceTree = "<group>"; };
		D44875E81CFA6CF30037A624 /* DownErrors.swift */ = {isa = PBXFileReference; fileEncoding = 4; lastKnownFileType = sourcecode.swift; path = DownErrors.swift; sourceTree = "<group>"; };
		D44875E91CFA6CF30037A624 /* DownOptions.swift */ = {isa = PBXFileReference; fileEncoding = 4; lastKnownFileType = sourcecode.swift; path = DownOptions.swift; sourceTree = "<group>"; };
		D486E9931CFDD33C0059FD7C /* DownXMLRenderable.swift */ = {isa = PBXFileReference; fileEncoding = 4; lastKnownFileType = sourcecode.swift; path = DownXMLRenderable.swift; sourceTree = "<group>"; };
		D486E9951CFDD4860059FD7C /* DownASTRenderable.swift */ = {isa = PBXFileReference; fileEncoding = 4; lastKnownFileType = sourcecode.swift; path = DownASTRenderable.swift; sourceTree = "<group>"; };
		D486E9971CFDE2730059FD7C /* DownLaTeXRenderable.swift */ = {isa = PBXFileReference; fileEncoding = 4; lastKnownFileType = sourcecode.swift; path = DownLaTeXRenderable.swift; sourceTree = "<group>"; };
		D486E9991CFDE28B0059FD7C /* DownGroffRenderable.swift */ = {isa = PBXFileReference; fileEncoding = 4; lastKnownFileType = sourcecode.swift; path = DownGroffRenderable.swift; sourceTree = "<group>"; };
		D4CF88961CFF94B300F07FD1 /* Down.h */ = {isa = PBXFileReference; lastKnownFileType = sourcecode.c.h; path = Down.h; sourceTree = "<group>"; };
		D4CF88971CFFAC2C00F07FD1 /* DownAttributedStringRenderable.swift */ = {isa = PBXFileReference; fileEncoding = 4; lastKnownFileType = sourcecode.swift; path = DownAttributedStringRenderable.swift; sourceTree = "<group>"; };
		D4DC91131CFDED4B0091CE09 /* DownCommonMarkRenderable.swift */ = {isa = PBXFileReference; fileEncoding = 4; lastKnownFileType = sourcecode.swift; path = DownCommonMarkRenderable.swift; sourceTree = "<group>"; };
		D4F948DB1D00A4A800C9C0F6 /* NSAttributedStringTests.swift */ = {isa = PBXFileReference; fileEncoding = 4; lastKnownFileType = sourcecode.swift; path = NSAttributedStringTests.swift; sourceTree = "<group>"; };
/* End PBXFileReference section */

/* Begin PBXFrameworksBuildPhase section */
		8AFAEAF81E6E32E900E09B68 /* Frameworks */ = {
			isa = PBXFrameworksBuildPhase;
			buildActionMask = 2147483647;
			files = (
				8AFAEB001E6E32E900E09B68 /* Down.framework in Frameworks */,
			);
			runOnlyForDeploymentPostprocessing = 0;
		};
/* End PBXFrameworksBuildPhase section */

/* Begin PBXGroup section */
		907C64611EC120530095FEE1 /* Fixtures */ = {
			isa = PBXGroup;
			children = (
				907C64621EC120530095FEE1 /* TestDownView.bundle */,
			);
			path = Fixtures;
			sourceTree = "<group>";
		};
		90A40A971EC0309A004F2E91 /* Configurations */ = {
			isa = PBXGroup;
			children = (
				90A40A981EC0309A004F2E91 /* Deployment-Targets.xcconfig */,
				90A40A991EC0309A004F2E91 /* Universal-Framework-Target.xcconfig */,
				90A40A9A1EC0309A004F2E91 /* Universal-Target-Base.xcconfig */,
			);
			path = Configurations;
			sourceTree = "<group>";
		};
		D41689B41CFFE6BB00E5802B /* Resources */ = {
			isa = PBXGroup;
			children = (
				90A40A971EC0309A004F2E91 /* Configurations */,
				90A40A951EC02FF6004F2E91 /* Down-Info.plist */,
				90A40A961EC02FF6004F2E91 /* DownTests-Info.plist */,
				D41689B51CFFE6BB00E5802B /* DownView.bundle */,
			);
			path = Resources;
			sourceTree = "<group>";
		};
		D4201E761CFA5151008EEC6E = {
			isa = PBXGroup;
			children = (
				D4201E9B1CFA59A5008EEC6E /* Source */,
				D41689B41CFFE6BB00E5802B /* Resources */,
				D4201EC41CFA59A5008EEC6E /* Tests */,
				D4201E811CFA5151008EEC6E /* Products */,
			);
			indentWidth = 4;
			sourceTree = "<group>";
			tabWidth = 4;
		};
		D4201E811CFA5151008EEC6E /* Products */ = {
			isa = PBXGroup;
			children = (
				8A569F401E6B3E50008BE2AC /* Down.framework */,
				8AFAEAFB1E6E32E900E09B68 /* DownTests.xctest */,
			);
			name = Products;
			sourceTree = "<group>";
		};
		D4201E9B1CFA59A5008EEC6E /* Source */ = {
			isa = PBXGroup;
			children = (
				D4CF88961CFF94B300F07FD1 /* Down.h */,
				D4201EF01CFA59F2008EEC6E /* Down.swift */,
				D44875E71CFA6CF30037A624 /* Enums & Options */,
				D43AE5C81CFFAE39006E1522 /* Extensions */,
				D44875E21CFA6B120037A624 /* Renderers */,
				D43AE5CB1CFFD068006E1522 /* Views */,
			);
			path = Source;
			sourceTree = "<group>";
		};
		D4201EC41CFA59A5008EEC6E /* Tests */ = {
			isa = PBXGroup;
			children = (
				D4201EC51CFA59A5008EEC6E /* BindingTests.swift */,
				D41689B21CFFE28200E5802B /* DownViewTests.swift */,
				907C64611EC120530095FEE1 /* Fixtures */,
				D4F948DB1D00A4A800C9C0F6 /* NSAttributedStringTests.swift */,
				D438696B1D00D27700E95A1F /* StringTests.swift */,
			);
			path = Tests;
			sourceTree = "<group>";
		};
		D43AE5C81CFFAE39006E1522 /* Extensions */ = {
			isa = PBXGroup;
			children = (
				D43AE5C91CFFAE4D006E1522 /* NSAttributedString+HTML.swift */,
				D43AE5DB1CFFD473006E1522 /* String+ToHTML.swift */,
			);
			path = Extensions;
			sourceTree = "<group>";
		};
		D43AE5CB1CFFD068006E1522 /* Views */ = {
			isa = PBXGroup;
			children = (
				D43AE5D91CFFD0D0006E1522 /* DownView.swift */,
			);
			path = Views;
			sourceTree = "<group>";
		};
		D44875E21CFA6B120037A624 /* Renderers */ = {
			isa = PBXGroup;
			children = (
				D486E9951CFDD4860059FD7C /* DownASTRenderable.swift */,
				D4CF88971CFFAC2C00F07FD1 /* DownAttributedStringRenderable.swift */,
				D4DC91131CFDED4B0091CE09 /* DownCommonMarkRenderable.swift */,
				D486E9991CFDE28B0059FD7C /* DownGroffRenderable.swift */,
				D44875E51CFA6B660037A624 /* DownHTMLRenderable.swift */,
				D486E9971CFDE2730059FD7C /* DownLaTeXRenderable.swift */,
				D486E9931CFDD33C0059FD7C /* DownXMLRenderable.swift */,
				D44875E31CFA6B200037A624 /* DownRenderable.swift */,
			);
			path = Renderers;
			sourceTree = "<group>";
		};
		D44875E71CFA6CF30037A624 /* Enums & Options */ = {
			isa = PBXGroup;
			children = (
				D44875E81CFA6CF30037A624 /* DownErrors.swift */,
				D44875E91CFA6CF30037A624 /* DownOptions.swift */,
			);
			path = "Enums & Options";
			sourceTree = "<group>";
		};
/* End PBXGroup section */

/* Begin PBXHeadersBuildPhase section */
		8A569F3D1E6B3E50008BE2AC /* Headers */ = {
			isa = PBXHeadersBuildPhase;
			buildActionMask = 2147483647;
			files = (
			);
			runOnlyForDeploymentPostprocessing = 0;
		};
/* End PBXHeadersBuildPhase section */

/* Begin PBXNativeTarget section */
		8A569F3F1E6B3E50008BE2AC /* Down */ = {
			isa = PBXNativeTarget;
			buildConfigurationList = 8A569F471E6B3E50008BE2AC /* Build configuration list for PBXNativeTarget "Down" */;
			buildPhases = (
				8A569F3B1E6B3E50008BE2AC /* Sources */,
				8A569F3D1E6B3E50008BE2AC /* Headers */,
				8A569F3E1E6B3E50008BE2AC /* Resources */,
			);
			buildRules = (
			);
			dependencies = (
			);
			name = Down;
			productName = Down;
			productReference = 8A569F401E6B3E50008BE2AC /* Down.framework */;
			productType = "com.apple.product-type.framework";
		};
		8AFAEAFA1E6E32E900E09B68 /* DownTests */ = {
			isa = PBXNativeTarget;
			buildConfigurationList = 8AFAEB031E6E32E900E09B68 /* Build configuration list for PBXNativeTarget "DownTests" */;
			buildPhases = (
				8AFAEAF71E6E32E900E09B68 /* Sources */,
				907C64641EC133740095FEE1 /* Resources */,
				8AFAEAF81E6E32E900E09B68 /* Frameworks */,
				90A40A9B1EC03282004F2E91 /* Copy Bundled Frameworks */,
			);
			buildRules = (
			);
			dependencies = (
				8AFAEB021E6E32E900E09B68 /* PBXTargetDependency */,
			);
			name = DownTests;
			productName = "DownTests-macOS";
			productReference = 8AFAEAFB1E6E32E900E09B68 /* DownTests.xctest */;
			productType = "com.apple.product-type.bundle.unit-test";
		};
/* End PBXNativeTarget section */

/* Begin PBXProject section */
		D4201E771CFA5151008EEC6E /* Project object */ = {
			isa = PBXProject;
			attributes = {
				LastSwiftUpdateCheck = 0820;
				LastUpgradeCheck = 0800;
				ORGANIZATIONNAME = "Glazed Donut, LLC.";
				TargetAttributes = {
					8A569F3F1E6B3E50008BE2AC = {
						CreatedOnToolsVersion = 8.2.1;
						ProvisioningStyle = Automatic;
					};
					8AFAEAFA1E6E32E900E09B68 = {
						CreatedOnToolsVersion = 8.2.1;
						ProvisioningStyle = Automatic;
					};
				};
			};
			buildConfigurationList = D4201E7A1CFA5151008EEC6E /* Build configuration list for PBXProject "Down" */;
			compatibilityVersion = "Xcode 3.2";
			developmentRegion = English;
			hasScannedForEncodings = 0;
			knownRegions = (
				en,
			);
			mainGroup = D4201E761CFA5151008EEC6E;
			productRefGroup = D4201E811CFA5151008EEC6E /* Products */;
			projectDirPath = "";
			projectRoot = "";
			targets = (
				8A569F3F1E6B3E50008BE2AC /* Down */,
				8AFAEAFA1E6E32E900E09B68 /* DownTests */,
			);
		};
/* End PBXProject section */

/* Begin PBXResourcesBuildPhase section */
		8A569F3E1E6B3E50008BE2AC /* Resources */ = {
			isa = PBXResourcesBuildPhase;
			buildActionMask = 2147483647;
			files = (
				8A569F7B1E6B3EEE008BE2AC /* DownView.bundle in Resources */,
			);
			runOnlyForDeploymentPostprocessing = 0;
		};
		907C64641EC133740095FEE1 /* Resources */ = {
			isa = PBXResourcesBuildPhase;
			buildActionMask = 2147483647;
			files = (
				907C64651EC133780095FEE1 /* TestDownView.bundle in Resources */,
			);
			runOnlyForDeploymentPostprocessing = 0;
		};
/* End PBXResourcesBuildPhase section */

/* Begin PBXSourcesBuildPhase section */
		8A569F3B1E6B3E50008BE2AC /* Sources */ = {
			isa = PBXSourcesBuildPhase;
			buildActionMask = 2147483647;
			files = (
				8A569F761E6B3EE3008BE2AC /* NSAttributedString+HTML.swift in Sources */,
				8A569F481E6B3ED2008BE2AC /* DownView.swift in Sources */,
				8A569F6F1E6B3EDE008BE2AC /* DownAttributedStringRenderable.swift in Sources */,
				8A569F721E6B3EDE008BE2AC /* DownHTMLRenderable.swift in Sources */,
				8A569F771E6B3EE3008BE2AC /* String+ToHTML.swift in Sources */,
				8A569F751E6B3EDE008BE2AC /* DownRenderable.swift in Sources */,
				8A569F741E6B3EDE008BE2AC /* DownXMLRenderable.swift in Sources */,
				8A569F791E6B3EE7008BE2AC /* DownOptions.swift in Sources */,
				8A569F711E6B3EDE008BE2AC /* DownGroffRenderable.swift in Sources */,
				8A569F701E6B3EDE008BE2AC /* DownCommonMarkRenderable.swift in Sources */,
				8A569F7A1E6B3EEA008BE2AC /* Down.swift in Sources */,
				8A569F731E6B3EDE008BE2AC /* DownLaTeXRenderable.swift in Sources */,
				8A569F781E6B3EE7008BE2AC /* DownErrors.swift in Sources */,
				8A569F6E1E6B3EDE008BE2AC /* DownASTRenderable.swift in Sources */,
			);
			runOnlyForDeploymentPostprocessing = 0;
		};
		8AFAEAF71E6E32E900E09B68 /* Sources */ = {
			isa = PBXSourcesBuildPhase;
			buildActionMask = 2147483647;
			files = (
				8AFAEB091E6E331700E09B68 /* StringTests.swift in Sources */,
				8AFAEB071E6E331700E09B68 /* DownViewTests.swift in Sources */,
				8AFAEB061E6E331700E09B68 /* BindingTests.swift in Sources */,
				8AFAEB081E6E331700E09B68 /* NSAttributedStringTests.swift in Sources */,
			);
			runOnlyForDeploymentPostprocessing = 0;
		};
/* End PBXSourcesBuildPhase section */

/* Begin PBXTargetDependency section */
		8AFAEB021E6E32E900E09B68 /* PBXTargetDependency */ = {
			isa = PBXTargetDependency;
			target = 8A569F3F1E6B3E50008BE2AC /* Down */;
			targetProxy = 8AFAEB011E6E32E900E09B68 /* PBXContainerItemProxy */;
		};
/* End PBXTargetDependency section */

/* Begin XCBuildConfiguration section */
		8A569F451E6B3E50008BE2AC /* Debug */ = {
			isa = XCBuildConfiguration;
			baseConfigurationReference = 90A40A991EC0309A004F2E91 /* Universal-Framework-Target.xcconfig */;
			buildSettings = {
				DEFINES_MODULE = YES;
				DYLIB_COMPATIBILITY_VERSION = 1;
				DYLIB_CURRENT_VERSION = 1;
				DYLIB_INSTALL_NAME_BASE = "@rpath";
				INFOPLIST_FILE = "Resources/Down-Info.plist";
				INSTALL_PATH = "$(LOCAL_LIBRARY_DIR)/Frameworks";
				SKIP_INSTALL = YES;
				SWIFT_INCLUDE_PATHS = "${SRCROOT}/Source/cmark";
			};
			name = Debug;
		};
		8A569F461E6B3E50008BE2AC /* Release */ = {
			isa = XCBuildConfiguration;
			baseConfigurationReference = 90A40A991EC0309A004F2E91 /* Universal-Framework-Target.xcconfig */;
			buildSettings = {
				DEFINES_MODULE = YES;
				DYLIB_COMPATIBILITY_VERSION = 1;
				DYLIB_CURRENT_VERSION = 1;
				DYLIB_INSTALL_NAME_BASE = "@rpath";
				INFOPLIST_FILE = "Resources/Down-Info.plist";
				INSTALL_PATH = "$(LOCAL_LIBRARY_DIR)/Frameworks";
				SKIP_INSTALL = YES;
				SWIFT_INCLUDE_PATHS = "${SRCROOT}/Source/cmark";
			};
			name = Release;
		};
		8AFAEB041E6E32E900E09B68 /* Debug */ = {
			isa = XCBuildConfiguration;
			baseConfigurationReference = 90A40A9A1EC0309A004F2E91 /* Universal-Target-Base.xcconfig */;
			buildSettings = {
				INFOPLIST_FILE = "Resources/DownTests-Info.plist";
				PRODUCT_BUNDLE_IDENTIFIER = com.glazeddonut.DownTests;
			};
			name = Debug;
		};
		8AFAEB051E6E32E900E09B68 /* Release */ = {
			isa = XCBuildConfiguration;
			baseConfigurationReference = 90A40A9A1EC0309A004F2E91 /* Universal-Target-Base.xcconfig */;
			buildSettings = {
				INFOPLIST_FILE = "Resources/DownTests-Info.plist";
				PRODUCT_BUNDLE_IDENTIFIER = com.glazeddonut.DownTests;
			};
			name = Release;
		};
		D4201E921CFA5151008EEC6E /* Debug */ = {
			isa = XCBuildConfiguration;
			baseConfigurationReference = 90A40A981EC0309A004F2E91 /* Deployment-Targets.xcconfig */;
			buildSettings = {
				ALWAYS_SEARCH_USER_PATHS = NO;
				CLANG_ALLOW_NON_MODULAR_INCLUDES_IN_FRAMEWORK_MODULES = YES;
				CLANG_ANALYZER_NONNULL = YES;
				CLANG_CXX_LANGUAGE_STANDARD = "gnu++0x";
				CLANG_CXX_LIBRARY = "libc++";
				CLANG_ENABLE_MODULES = YES;
				CLANG_ENABLE_OBJC_ARC = YES;
				CLANG_WARN_BOOL_CONVERSION = YES;
				CLANG_WARN_CONSTANT_CONVERSION = YES;
				CLANG_WARN_DIRECT_OBJC_ISA_USAGE = YES_ERROR;
				CLANG_WARN_DOCUMENTATION_COMMENTS = YES;
				CLANG_WARN_EMPTY_BODY = YES;
				CLANG_WARN_ENUM_CONVERSION = YES;
				CLANG_WARN_INFINITE_RECURSION = YES;
				CLANG_WARN_INT_CONVERSION = YES;
				CLANG_WARN_OBJC_ROOT_CLASS = YES_ERROR;
				CLANG_WARN_SUSPICIOUS_MOVE = YES;
				CLANG_WARN_UNREACHABLE_CODE = YES;
				CLANG_WARN__DUPLICATE_METHOD_MATCH = YES;
				"CODE_SIGN_IDENTITY[sdk=iphoneos*]" = "iPhone Developer";
				COPY_PHASE_STRIP = NO;
				CURRENT_PROJECT_VERSION = 1;
				DEBUG_INFORMATION_FORMAT = dwarf;
				ENABLE_STRICT_OBJC_MSGSEND = YES;
				ENABLE_TESTABILITY = YES;
				GCC_C_LANGUAGE_STANDARD = gnu99;
				GCC_DYNAMIC_NO_PIC = NO;
				GCC_NO_COMMON_BLOCKS = YES;
				GCC_OPTIMIZATION_LEVEL = 0;
				GCC_PREPROCESSOR_DEFINITIONS = (
					"DEBUG=1",
					"$(inherited)",
				);
				GCC_WARN_64_TO_32_BIT_CONVERSION = YES;
				GCC_WARN_ABOUT_RETURN_TYPE = YES_ERROR;
				GCC_WARN_UNDECLARED_SELECTOR = YES;
				GCC_WARN_UNINITIALIZED_AUTOS = YES_AGGRESSIVE;
				GCC_WARN_UNUSED_FUNCTION = YES;
				GCC_WARN_UNUSED_VARIABLE = YES;
				IPHONEOS_DEPLOYMENT_TARGET = 8.0;
				ONLY_ACTIVE_ARCH = YES;
				PRODUCT_BUNDLE_IDENTIFIER = "com.glazeddonut.$(TARGET_NAME:c99-identifier)";
				PRODUCT_NAME = "$(TARGET_NAME)";
				SDKROOT = iphoneos;
				SWIFT_ACTIVE_COMPILATION_CONDITIONS = DEBUG;
				SWIFT_OPTIMIZATION_LEVEL = "-Onone";
				SWIFT_VERSION = 3.0;
				TARGETED_DEVICE_FAMILY = "1,2";
				TVOS_DEPLOYMENT_TARGET = 9.0;
				VERSIONING_SYSTEM = "apple-generic";
				VERSION_INFO_PREFIX = "";
			};
			name = Debug;
		};
		D4201E931CFA5151008EEC6E /* Release */ = {
			isa = XCBuildConfiguration;
			baseConfigurationReference = 90A40A981EC0309A004F2E91 /* Deployment-Targets.xcconfig */;
			buildSettings = {
				ALWAYS_SEARCH_USER_PATHS = NO;
				CLANG_ALLOW_NON_MODULAR_INCLUDES_IN_FRAMEWORK_MODULES = YES;
				CLANG_ANALYZER_NONNULL = YES;
				CLANG_CXX_LANGUAGE_STANDARD = "gnu++0x";
				CLANG_CXX_LIBRARY = "libc++";
				CLANG_ENABLE_MODULES = YES;
				CLANG_ENABLE_OBJC_ARC = YES;
				CLANG_WARN_BOOL_CONVERSION = YES;
				CLANG_WARN_CONSTANT_CONVERSION = YES;
				CLANG_WARN_DIRECT_OBJC_ISA_USAGE = YES_ERROR;
				CLANG_WARN_DOCUMENTATION_COMMENTS = YES;
				CLANG_WARN_EMPTY_BODY = YES;
				CLANG_WARN_ENUM_CONVERSION = YES;
				CLANG_WARN_INFINITE_RECURSION = YES;
				CLANG_WARN_INT_CONVERSION = YES;
				CLANG_WARN_OBJC_ROOT_CLASS = YES_ERROR;
				CLANG_WARN_SUSPICIOUS_MOVE = YES;
				CLANG_WARN_UNREACHABLE_CODE = YES;
				CLANG_WARN__DUPLICATE_METHOD_MATCH = YES;
				"CODE_SIGN_IDENTITY[sdk=iphoneos*]" = "iPhone Developer";
				COPY_PHASE_STRIP = NO;
				CURRENT_PROJECT_VERSION = 1;
				DEBUG_INFORMATION_FORMAT = "dwarf-with-dsym";
				ENABLE_NS_ASSERTIONS = NO;
				ENABLE_STRICT_OBJC_MSGSEND = YES;
				GCC_C_LANGUAGE_STANDARD = gnu99;
				GCC_NO_COMMON_BLOCKS = YES;
				GCC_WARN_64_TO_32_BIT_CONVERSION = YES;
				GCC_WARN_ABOUT_RETURN_TYPE = YES_ERROR;
				GCC_WARN_UNDECLARED_SELECTOR = YES;
				GCC_WARN_UNINITIALIZED_AUTOS = YES_AGGRESSIVE;
				GCC_WARN_UNUSED_FUNCTION = YES;
				GCC_WARN_UNUSED_VARIABLE = YES;
				IPHONEOS_DEPLOYMENT_TARGET = 8.0;
				PRODUCT_BUNDLE_IDENTIFIER = "com.glazeddonut.$(TARGET_NAME:c99-identifier)";
				PRODUCT_NAME = "$(TARGET_NAME)";
				SDKROOT = iphoneos;
				SWIFT_OPTIMIZATION_LEVEL = "-Owholemodule";
				SWIFT_VERSION = 3.0;
				TARGETED_DEVICE_FAMILY = "1,2";
				TVOS_DEPLOYMENT_TARGET = 9.0;
				VALIDATE_PRODUCT = YES;
				VERSIONING_SYSTEM = "apple-generic";
				VERSION_INFO_PREFIX = "";
			};
			name = Release;
		};
/* End XCBuildConfiguration section */

/* Begin XCConfigurationList section */
		8A569F471E6B3E50008BE2AC /* Build configuration list for PBXNativeTarget "Down" */ = {
			isa = XCConfigurationList;
			buildConfigurations = (
				8A569F451E6B3E50008BE2AC /* Debug */,
				8A569F461E6B3E50008BE2AC /* Release */,
			);
			defaultConfigurationIsVisible = 0;
			defaultConfigurationName = Release;
		};
		8AFAEB031E6E32E900E09B68 /* Build configuration list for PBXNativeTarget "DownTests" */ = {
			isa = XCConfigurationList;
			buildConfigurations = (
				8AFAEB041E6E32E900E09B68 /* Debug */,
				8AFAEB051E6E32E900E09B68 /* Release */,
			);
			defaultConfigurationIsVisible = 0;
			defaultConfigurationName = Release;
		};
		D4201E7A1CFA5151008EEC6E /* Build configuration list for PBXProject "Down" */ = {
			isa = XCConfigurationList;
			buildConfigurations = (
				D4201E921CFA5151008EEC6E /* Debug */,
				D4201E931CFA5151008EEC6E /* Release */,
			);
			defaultConfigurationIsVisible = 0;
			defaultConfigurationName = Release;
		};
/* End XCConfigurationList section */
	};
	rootObject = D4201E771CFA5151008EEC6E /* Project object */;
}
