// !$*UTF8*$!
{
	archiveVersion = 1;
	classes = {
	};
	objectVersion = 52;
	objects = {

/* Begin PBXBuildFile section */
		14C5E33521877CE900D5380C /* DownView.bundle in Resources */ = {isa = PBXBuildFile; fileRef = D41689B51CFFE6BB00E5802B /* DownView.bundle */; };
		26CABB93252B4D490032183C /* ChildSequence.swift in Sources */ = {isa = PBXBuildFile; fileRef = 26CABB92252B4D490032183C /* ChildSequence.swift */; };
		6D553BCC26691C5600CB3C9F /* AsyncImageLoad.swift in Sources */ = {isa = PBXBuildFile; fileRef = 6D553BCB26691C5600CB3C9F /* AsyncImageLoad.swift */; };
		8A569F481E6B3ED2008BE2AC /* DownView.swift in Sources */ = {isa = PBXBuildFile; fileRef = D43AE5D91CFFD0D0006E1522 /* DownView.swift */; };
		8A569F491E6B3ED9008BE2AC /* blocks.c in Sources */ = {isa = PBXBuildFile; fileRef = D4201EF71CFA5D63008EEC6E /* blocks.c */; settings = {COMPILER_FLAGS = "-w -Xanalyzer -analyzer-disable-all-checks"; }; };
		8A569F4A1E6B3ED9008BE2AC /* buffer.c in Sources */ = {isa = PBXBuildFile; fileRef = D4201EF81CFA5D63008EEC6E /* buffer.c */; settings = {COMPILER_FLAGS = "-w -Xanalyzer -analyzer-disable-all-checks"; }; };
		8A569F4B1E6B3ED9008BE2AC /* buffer.h in Headers */ = {isa = PBXBuildFile; fileRef = D4201EF91CFA5D63008EEC6E /* buffer.h */; };
		8A569F4C1E6B3ED9008BE2AC /* chunk.h in Headers */ = {isa = PBXBuildFile; fileRef = D4201EFB1CFA5D63008EEC6E /* chunk.h */; };
		8A569F4D1E6B3ED9008BE2AC /* cmark.c in Sources */ = {isa = PBXBuildFile; fileRef = D4201EFC1CFA5D63008EEC6E /* cmark.c */; settings = {COMPILER_FLAGS = "-w -Xanalyzer -analyzer-disable-all-checks"; }; };
		8A569F4E1E6B3ED9008BE2AC /* cmark.h in Headers */ = {isa = PBXBuildFile; fileRef = D4201EFD1CFA5D63008EEC6E /* cmark.h */; };
		8A569F4F1E6B3ED9008BE2AC /* cmark_ctype.c in Sources */ = {isa = PBXBuildFile; fileRef = D4201EFE1CFA5D63008EEC6E /* cmark_ctype.c */; settings = {COMPILER_FLAGS = "-w -Xanalyzer -analyzer-disable-all-checks"; }; };
		8A569F501E6B3ED9008BE2AC /* cmark_ctype.h in Headers */ = {isa = PBXBuildFile; fileRef = D4201EFF1CFA5D63008EEC6E /* cmark_ctype.h */; };
		8A569F511E6B3ED9008BE2AC /* cmark_export.h in Headers */ = {isa = PBXBuildFile; fileRef = D4201F001CFA5D63008EEC6E /* cmark_export.h */; };
		8A569F521E6B3ED9008BE2AC /* cmark_version.h in Headers */ = {isa = PBXBuildFile; fileRef = D4201F011CFA5D63008EEC6E /* cmark_version.h */; };
		8A569F531E6B3ED9008BE2AC /* commonmark.c in Sources */ = {isa = PBXBuildFile; fileRef = D4201F021CFA5D63008EEC6E /* commonmark.c */; settings = {COMPILER_FLAGS = "-w -Xanalyzer -analyzer-disable-all-checks"; }; };
		8A569F541E6B3ED9008BE2AC /* config.h in Headers */ = {isa = PBXBuildFile; fileRef = D4201F031CFA5D63008EEC6E /* config.h */; };
		8A569F561E6B3ED9008BE2AC /* houdini.h in Headers */ = {isa = PBXBuildFile; fileRef = D4201F061CFA5D63008EEC6E /* houdini.h */; };
		8A569F571E6B3ED9008BE2AC /* houdini_href_e.c in Sources */ = {isa = PBXBuildFile; fileRef = D4201F071CFA5D63008EEC6E /* houdini_href_e.c */; settings = {COMPILER_FLAGS = "-w -Xanalyzer -analyzer-disable-all-checks"; }; };
		8A569F581E6B3ED9008BE2AC /* houdini_html_e.c in Sources */ = {isa = PBXBuildFile; fileRef = D4201F081CFA5D63008EEC6E /* houdini_html_e.c */; settings = {COMPILER_FLAGS = "-w -Xanalyzer -analyzer-disable-all-checks"; }; };
		8A569F591E6B3ED9008BE2AC /* houdini_html_u.c in Sources */ = {isa = PBXBuildFile; fileRef = D4201F091CFA5D63008EEC6E /* houdini_html_u.c */; settings = {COMPILER_FLAGS = "-w -Xanalyzer -analyzer-disable-all-checks"; }; };
		8A569F5A1E6B3ED9008BE2AC /* html.c in Sources */ = {isa = PBXBuildFile; fileRef = D4201F0A1CFA5D63008EEC6E /* html.c */; settings = {COMPILER_FLAGS = "-w -Xanalyzer -analyzer-disable-all-checks"; }; };
		8A569F5C1E6B3ED9008BE2AC /* inlines.c in Sources */ = {isa = PBXBuildFile; fileRef = D4201F0C1CFA5D63008EEC6E /* inlines.c */; settings = {COMPILER_FLAGS = "-w -Xanalyzer -analyzer-disable-all-checks"; }; };
		8A569F5D1E6B3ED9008BE2AC /* inlines.h in Headers */ = {isa = PBXBuildFile; fileRef = D4201F0D1CFA5D63008EEC6E /* inlines.h */; };
		8A569F5E1E6B3ED9008BE2AC /* iterator.c in Sources */ = {isa = PBXBuildFile; fileRef = D4201F0E1CFA5D63008EEC6E /* iterator.c */; settings = {COMPILER_FLAGS = "-w -Xanalyzer -analyzer-disable-all-checks"; }; };
		8A569F5F1E6B3ED9008BE2AC /* iterator.h in Headers */ = {isa = PBXBuildFile; fileRef = D4201F0F1CFA5D63008EEC6E /* iterator.h */; };
		8A569F601E6B3ED9008BE2AC /* latex.c in Sources */ = {isa = PBXBuildFile; fileRef = D4201F101CFA5D63008EEC6E /* latex.c */; settings = {COMPILER_FLAGS = "-w -Xanalyzer -analyzer-disable-all-checks"; }; };
		8A569F611E6B3ED9008BE2AC /* man.c in Sources */ = {isa = PBXBuildFile; fileRef = D4201F111CFA5D63008EEC6E /* man.c */; settings = {COMPILER_FLAGS = "-w -Xanalyzer -analyzer-disable-all-checks"; }; };
		8A569F621E6B3ED9008BE2AC /* node.c in Sources */ = {isa = PBXBuildFile; fileRef = D4201F131CFA5D63008EEC6E /* node.c */; settings = {COMPILER_FLAGS = "-w -Xanalyzer -analyzer-disable-all-checks"; }; };
		8A569F631E6B3ED9008BE2AC /* node.h in Headers */ = {isa = PBXBuildFile; fileRef = D4201F141CFA5D63008EEC6E /* node.h */; };
		8A569F641E6B3ED9008BE2AC /* parser.h in Headers */ = {isa = PBXBuildFile; fileRef = D4201F151CFA5D63008EEC6E /* parser.h */; };
		8A569F651E6B3ED9008BE2AC /* references.c in Sources */ = {isa = PBXBuildFile; fileRef = D4201F161CFA5D63008EEC6E /* references.c */; settings = {COMPILER_FLAGS = "-w -Xanalyzer -analyzer-disable-all-checks"; }; };
		8A569F661E6B3ED9008BE2AC /* references.h in Headers */ = {isa = PBXBuildFile; fileRef = D4201F171CFA5D63008EEC6E /* references.h */; };
		8A569F671E6B3ED9008BE2AC /* render.c in Sources */ = {isa = PBXBuildFile; fileRef = D4201F181CFA5D63008EEC6E /* render.c */; settings = {COMPILER_FLAGS = "-w -Xanalyzer -analyzer-disable-all-checks"; }; };
		8A569F681E6B3ED9008BE2AC /* render.h in Headers */ = {isa = PBXBuildFile; fileRef = D4201F191CFA5D63008EEC6E /* render.h */; };
		8A569F691E6B3ED9008BE2AC /* scanners.c in Sources */ = {isa = PBXBuildFile; fileRef = D4201F1A1CFA5D63008EEC6E /* scanners.c */; settings = {COMPILER_FLAGS = "-w -Xanalyzer -analyzer-disable-all-checks"; }; };
		8A569F6A1E6B3ED9008BE2AC /* scanners.h in Headers */ = {isa = PBXBuildFile; fileRef = D4201F1B1CFA5D63008EEC6E /* scanners.h */; };
		8A569F6B1E6B3ED9008BE2AC /* utf8.c in Sources */ = {isa = PBXBuildFile; fileRef = D4201F1C1CFA5D63008EEC6E /* utf8.c */; settings = {COMPILER_FLAGS = "-w -Xanalyzer -analyzer-disable-all-checks"; }; };
		8A569F6C1E6B3ED9008BE2AC /* utf8.h in Headers */ = {isa = PBXBuildFile; fileRef = D4201F1D1CFA5D63008EEC6E /* utf8.h */; };
		8A569F6D1E6B3ED9008BE2AC /* xml.c in Sources */ = {isa = PBXBuildFile; fileRef = D4201F1E1CFA5D63008EEC6E /* xml.c */; settings = {COMPILER_FLAGS = "-w -Xanalyzer -analyzer-disable-all-checks"; }; };
		8A569F6E1E6B3EDE008BE2AC /* DownASTRenderable.swift in Sources */ = {isa = PBXBuildFile; fileRef = D486E9951CFDD4860059FD7C /* DownASTRenderable.swift */; };
		8A569F6F1E6B3EDE008BE2AC /* DownAttributedStringRenderable.swift in Sources */ = {isa = PBXBuildFile; fileRef = D4CF88971CFFAC2C00F07FD1 /* DownAttributedStringRenderable.swift */; };
		8A569F701E6B3EDE008BE2AC /* DownCommonMarkRenderable.swift in Sources */ = {isa = PBXBuildFile; fileRef = D4DC91131CFDED4B0091CE09 /* DownCommonMarkRenderable.swift */; };
		8A569F711E6B3EDE008BE2AC /* DownGroffRenderable.swift in Sources */ = {isa = PBXBuildFile; fileRef = D486E9991CFDE28B0059FD7C /* DownGroffRenderable.swift */; };
		8A569F721E6B3EDE008BE2AC /* DownHTMLRenderable.swift in Sources */ = {isa = PBXBuildFile; fileRef = D44875E51CFA6B660037A624 /* DownHTMLRenderable.swift */; };
		8A569F731E6B3EDE008BE2AC /* DownLaTeXRenderable.swift in Sources */ = {isa = PBXBuildFile; fileRef = D486E9971CFDE2730059FD7C /* DownLaTeXRenderable.swift */; };
		8A569F741E6B3EDE008BE2AC /* DownXMLRenderable.swift in Sources */ = {isa = PBXBuildFile; fileRef = D486E9931CFDD33C0059FD7C /* DownXMLRenderable.swift */; };
		8A569F751E6B3EDE008BE2AC /* DownRenderable.swift in Sources */ = {isa = PBXBuildFile; fileRef = D44875E31CFA6B200037A624 /* DownRenderable.swift */; };
		8A569F761E6B3EE3008BE2AC /* NSAttributedString+HTML.swift in Sources */ = {isa = PBXBuildFile; fileRef = D43AE5C91CFFAE4D006E1522 /* NSAttributedString+HTML.swift */; };
		8A569F771E6B3EE3008BE2AC /* String+ToHTML.swift in Sources */ = {isa = PBXBuildFile; fileRef = D43AE5DB1CFFD473006E1522 /* String+ToHTML.swift */; };
		8A569F781E6B3EE7008BE2AC /* DownErrors.swift in Sources */ = {isa = PBXBuildFile; fileRef = D44875E81CFA6CF30037A624 /* DownErrors.swift */; };
		8A569F791E6B3EE7008BE2AC /* DownOptions.swift in Sources */ = {isa = PBXBuildFile; fileRef = D44875E91CFA6CF30037A624 /* DownOptions.swift */; };
		8A569F7A1E6B3EEA008BE2AC /* Down.swift in Sources */ = {isa = PBXBuildFile; fileRef = D4201EF01CFA59F2008EEC6E /* Down.swift */; };
		8AFAEB001E6E32E900E09B68 /* Down.framework in Frameworks */ = {isa = PBXBuildFile; fileRef = 8A569F401E6B3E50008BE2AC /* Down.framework */; };
		8AFAEB061E6E331700E09B68 /* BindingTests.swift in Sources */ = {isa = PBXBuildFile; fileRef = D4201EC51CFA59A5008EEC6E /* BindingTests.swift */; };
		8AFAEB071E6E331700E09B68 /* DownViewTests.swift in Sources */ = {isa = PBXBuildFile; fileRef = D41689B21CFFE28200E5802B /* DownViewTests.swift */; };
		8AFAEB081E6E331700E09B68 /* NSAttributedStringTests.swift in Sources */ = {isa = PBXBuildFile; fileRef = D4F948DB1D00A4A800C9C0F6 /* NSAttributedStringTests.swift */; };
		8AFAEB091E6E331700E09B68 /* StringTests.swift in Sources */ = {isa = PBXBuildFile; fileRef = D438696B1D00D27700E95A1F /* StringTests.swift */; };
		907C64651EC133780095FEE1 /* TestDownView.bundle in Resources */ = {isa = PBXBuildFile; fileRef = 907C64621EC120530095FEE1 /* TestDownView.bundle */; };
		90A40A9C1EC03292004F2E91 /* Down.framework in Copy Bundled Frameworks */ = {isa = PBXBuildFile; fileRef = 8A569F401E6B3E50008BE2AC /* Down.framework */; settings = {ATTRIBUTES = (CodeSignOnCopy, RemoveHeadersOnCopy, ); }; };
		EE0E54F82300800E0070C83F /* BlockBackgroundColorAttribute.swift in Sources */ = {isa = PBXBuildFile; fileRef = EE0E54F72300800E0070C83F /* BlockBackgroundColorAttribute.swift */; };
		EE3E7E38260400E800170A52 /* DownDebugLayoutManagerTests.swift in Sources */ = {isa = PBXBuildFile; fileRef = EE5D2DF822FC9E89009EC13E /* DownDebugLayoutManagerTests.swift */; };
		EE3E7E3F260400EE00170A52 /* LinkStyleTests.swift in Sources */ = {isa = PBXBuildFile; fileRef = EE5D2DF522FC99A6009EC13E /* LinkStyleTests.swift */; };
		EE3E7E46260400F100170A52 /* CodeBlockStyleTests.swift in Sources */ = {isa = PBXBuildFile; fileRef = EE64722A22F8BB0B00C5F0BA /* CodeBlockStyleTests.swift */; };
		EE3E7E4D260400F500170A52 /* BlockQuoteStyleTests.swift in Sources */ = {isa = PBXBuildFile; fileRef = EEA2BDC722F705B900D0C72C /* BlockQuoteStyleTests.swift */; };
		EE3E7E54260400F900170A52 /* ThematicBreakSyleTests.swift in Sources */ = {isa = PBXBuildFile; fileRef = EEA5C02A22F58B8000B91D60 /* ThematicBreakSyleTests.swift */; };
		EE3E7E5B260400FC00170A52 /* HeadingStyleTests.swift in Sources */ = {isa = PBXBuildFile; fileRef = EE99E3DD22F0C83F00BCE15B /* HeadingStyleTests.swift */; };
		EE3E7E622604010000170A52 /* InlineStyleTests.swift in Sources */ = {isa = PBXBuildFile; fileRef = EE9E886222EF76040005948C /* InlineStyleTests.swift */; };
		EE3E7E692604010300170A52 /* ListItemStyleTests.swift in Sources */ = {isa = PBXBuildFile; fileRef = EE335C4922EDC85900648842 /* ListItemStyleTests.swift */; };
		EE3E7E702604010700170A52 /* StylerTestSuite.swift in Sources */ = {isa = PBXBuildFile; fileRef = EE59C30122ECF0BD006EE8A8 /* StylerTestSuite.swift */; };
		EE3E7E812604019300170A52 /* SnapshotTesting in Frameworks */ = {isa = PBXBuildFile; productRef = EE3E7E802604019300170A52 /* SnapshotTesting */; };
		EE3E7E88260401F000170A52 /* VisitorTests.swift in Sources */ = {isa = PBXBuildFile; fileRef = EE64FEEF225BEB3900A35B34 /* VisitorTests.swift */; };
		EE408A39230338B600E5278A /* CGPointTranslateTests.swift in Sources */ = {isa = PBXBuildFile; fileRef = EE408A38230338B600E5278A /* CGPointTranslateTests.swift */; };
		EE408A3B2303399B00E5278A /* CGRectHelpersTests.swift in Sources */ = {isa = PBXBuildFile; fileRef = EE408A3A2303399B00E5278A /* CGRectHelpersTests.swift */; };
		EE408A3D23033B6B00E5278A /* ListItemPrefixGeneratorTests.swift in Sources */ = {isa = PBXBuildFile; fileRef = EE408A3C23033B6B00E5278A /* ListItemPrefixGeneratorTests.swift */; };
		EE44848B2301E51C0065C836 /* CodeBlockOptions.swift in Sources */ = {isa = PBXBuildFile; fileRef = EE44848A2301E51C0065C836 /* CodeBlockOptions.swift */; };
		EE4484912301F2920065C836 /* CGPoint+Translate.swift in Sources */ = {isa = PBXBuildFile; fileRef = EE4484902301F2920065C836 /* CGPoint+Translate.swift */; };
		EE4484932301F2DB0065C836 /* CGRect+Helpers.swift in Sources */ = {isa = PBXBuildFile; fileRef = EE4484922301F2DB0065C836 /* CGRect+Helpers.swift */; };
		EE469B11226CF3B500C0655D /* BaseNode.swift in Sources */ = {isa = PBXBuildFile; fileRef = EE469B10226CF3B500C0655D /* BaseNode.swift */; };
		EE48C7D922EC9250004815ED /* ParagraphStyleCollection.swift in Sources */ = {isa = PBXBuildFile; fileRef = EE48C7D822EC9250004815ED /* ParagraphStyleCollection.swift */; };
		EE48C7DB22EC946F004815ED /* ColorCollection.swift in Sources */ = {isa = PBXBuildFile; fileRef = EE48C7DA22EC946F004815ED /* ColorCollection.swift */; };
		EE4F77C322FF3F170026A983 /* DownStylerConfiguration.swift in Sources */ = {isa = PBXBuildFile; fileRef = EE4F77C222FF3F170026A983 /* DownStylerConfiguration.swift */; };
		EE5F2BA42262564A00B7C0F3 /* Styler.swift in Sources */ = {isa = PBXBuildFile; fileRef = EE5F2BA32262564A00B7C0F3 /* Styler.swift */; };
		EE8F38CC22BFB2420056270E /* NodeTests.swift in Sources */ = {isa = PBXBuildFile; fileRef = EE8F38CB22BFB2420056270E /* NodeTests.swift */; };
		EE8F38CE22BFEDE50056270E /* ListItemPrefixGenerator.swift in Sources */ = {isa = PBXBuildFile; fileRef = EE8F38CD22BFEDE50056270E /* ListItemPrefixGenerator.swift */; };
		EE97253E22C130D8004D3B3A /* NSMutableAttributedString+AttributesTests.swift in Sources */ = {isa = PBXBuildFile; fileRef = EE97253D22C130D8004D3B3A /* NSMutableAttributedString+AttributesTests.swift */; };
		EE97254322C14B79004D3B3A /* NSAttributedString+HelpersTests.swift in Sources */ = {isa = PBXBuildFile; fileRef = EE97254222C14B79004D3B3A /* NSAttributedString+HelpersTests.swift */; };
		EEA2BDC422F704F200D0C72C /* QuoteStripeOptions.swift in Sources */ = {isa = PBXBuildFile; fileRef = EEA2BDC322F704F200D0C72C /* QuoteStripeOptions.swift */; };
		EEA2BDC622F7057600D0C72C /* ListItemOptions.swift in Sources */ = {isa = PBXBuildFile; fileRef = EEA2BDC522F7057600D0C72C /* ListItemOptions.swift */; };
		EEA2BDCA22F7152B00D0C72C /* ThematicBreakOptions.swift in Sources */ = {isa = PBXBuildFile; fileRef = EEA2BDC922F7152B00D0C72C /* ThematicBreakOptions.swift */; };
		EEA5C02922F58A0900B91D60 /* DownTextView.swift in Sources */ = {isa = PBXBuildFile; fileRef = EEA5C02822F58A0900B91D60 /* DownTextView.swift */; };
		EEA5C02D22F5C96B00B91D60 /* QuoteStripeAttribute.swift in Sources */ = {isa = PBXBuildFile; fileRef = EEA5C02C22F5C96B00B91D60 /* QuoteStripeAttribute.swift */; };
		EEBE62F025E28F3D005CCAD6 /* BundleHelper.swift in Sources */ = {isa = PBXBuildFile; fileRef = EEBE62EF25E28F3D005CCAD6 /* BundleHelper.swift */; };
		EED7FED825E3133C0033E33A /* DownView (macOS).bundle in Resources */ = {isa = PBXBuildFile; fileRef = 14C5E33621877FCD00D5380C /* DownView (macOS).bundle */; };
		EED8DA8E22BE404F00E54492 /* DownStyler.swift in Sources */ = {isa = PBXBuildFile; fileRef = EED8DA8D22BE404F00E54492 /* DownStyler.swift */; };
		EED8DA9022BECBAE00E54492 /* NSAttributedString+Helpers.swift in Sources */ = {isa = PBXBuildFile; fileRef = EED8DA8F22BECBAE00E54492 /* NSAttributedString+Helpers.swift */; };
		EED8DA9222BECBF200E54492 /* NSMutableAttributedString+Attributes.swift in Sources */ = {isa = PBXBuildFile; fileRef = EED8DA9122BECBF200E54492 /* NSMutableAttributedString+Attributes.swift */; };
		EED8DA9422BECC2100E54492 /* UIFont+Traits.swift in Sources */ = {isa = PBXBuildFile; fileRef = EED8DA9322BECC2100E54492 /* UIFont+Traits.swift */; };
		EED8DA9722BECD7500E54492 /* FontCollection.swift in Sources */ = {isa = PBXBuildFile; fileRef = EED8DA9622BECD7500E54492 /* FontCollection.swift */; };
		EEE2C7F122C2AFEF001B7054 /* ListItemParagraphStyler.swift in Sources */ = {isa = PBXBuildFile; fileRef = EEE2C7F022C2AFEF001B7054 /* ListItemParagraphStyler.swift */; };
		EEEBEE47225D298D00AE438D /* Document.swift in Sources */ = {isa = PBXBuildFile; fileRef = EEEBEE46225D298D00AE438D /* Document.swift */; };
		EEEBEE49225D29C200AE438D /* BlockQuote.swift in Sources */ = {isa = PBXBuildFile; fileRef = EEEBEE48225D29C200AE438D /* BlockQuote.swift */; };
		EEEBEE4B225D29D800AE438D /* List.swift in Sources */ = {isa = PBXBuildFile; fileRef = EEEBEE4A225D29D800AE438D /* List.swift */; };
		EEEBEE4D225D2A0200AE438D /* Item.swift in Sources */ = {isa = PBXBuildFile; fileRef = EEEBEE4C225D2A0200AE438D /* Item.swift */; };
		EEEBEE4F225D2A1400AE438D /* CodeBlock.swift in Sources */ = {isa = PBXBuildFile; fileRef = EEEBEE4E225D2A1400AE438D /* CodeBlock.swift */; };
		EEEBEE51225D2A2900AE438D /* HtmlBlock.swift in Sources */ = {isa = PBXBuildFile; fileRef = EEEBEE50225D2A2900AE438D /* HtmlBlock.swift */; };
		EEEBEE53225D2A3C00AE438D /* CustomBlock.swift in Sources */ = {isa = PBXBuildFile; fileRef = EEEBEE52225D2A3C00AE438D /* CustomBlock.swift */; };
		EEEBEE55225D2A4E00AE438D /* Paragraph.swift in Sources */ = {isa = PBXBuildFile; fileRef = EEEBEE54225D2A4E00AE438D /* Paragraph.swift */; };
		EEEBEE57225D2A6200AE438D /* Heading.swift in Sources */ = {isa = PBXBuildFile; fileRef = EEEBEE56225D2A6200AE438D /* Heading.swift */; };
		EEEBEE59225D2A7000AE438D /* ThematicBreak.swift in Sources */ = {isa = PBXBuildFile; fileRef = EEEBEE58225D2A7000AE438D /* ThematicBreak.swift */; };
		EEEBEE5B225D2A7E00AE438D /* Text.swift in Sources */ = {isa = PBXBuildFile; fileRef = EEEBEE5A225D2A7E00AE438D /* Text.swift */; };
		EEEBEE5D225D2A8F00AE438D /* SoftBreak.swift in Sources */ = {isa = PBXBuildFile; fileRef = EEEBEE5C225D2A8F00AE438D /* SoftBreak.swift */; };
		EEEBEE5F225D2AA700AE438D /* LineBreak.swift in Sources */ = {isa = PBXBuildFile; fileRef = EEEBEE5E225D2AA700AE438D /* LineBreak.swift */; };
		EEEBEE61225D2AC000AE438D /* Code.swift in Sources */ = {isa = PBXBuildFile; fileRef = EEEBEE60225D2AC000AE438D /* Code.swift */; };
		EEEBEE63225D2AD400AE438D /* HtmlInline.swift in Sources */ = {isa = PBXBuildFile; fileRef = EEEBEE62225D2AD400AE438D /* HtmlInline.swift */; };
		EEEBEE65225D2AE800AE438D /* CustomInline.swift in Sources */ = {isa = PBXBuildFile; fileRef = EEEBEE64225D2AE800AE438D /* CustomInline.swift */; };
		EEEBEE67225D2AF900AE438D /* Emphasis.swift in Sources */ = {isa = PBXBuildFile; fileRef = EEEBEE66225D2AF900AE438D /* Emphasis.swift */; };
		EEEBEE69225D2B1200AE438D /* Strong.swift in Sources */ = {isa = PBXBuildFile; fileRef = EEEBEE68225D2B1200AE438D /* Strong.swift */; };
		EEEBEE6B225D2B2200AE438D /* Link.swift in Sources */ = {isa = PBXBuildFile; fileRef = EEEBEE6A225D2B2200AE438D /* Link.swift */; };
		EEEBEE6D225D2B3200AE438D /* Image.swift in Sources */ = {isa = PBXBuildFile; fileRef = EEEBEE6C225D2B3200AE438D /* Image.swift */; };
		EEEBEE70225D2B9D00AE438D /* DebugVisitor.swift in Sources */ = {isa = PBXBuildFile; fileRef = EEEBEE6F225D2B9D00AE438D /* DebugVisitor.swift */; };
		EEEBEE72225D2F9200AE438D /* AttributedStringVisitor.swift in Sources */ = {isa = PBXBuildFile; fileRef = EEEBEE71225D2F9200AE438D /* AttributedStringVisitor.swift */; };
		EEF1376F2259E53400D7DDE0 /* Node.swift in Sources */ = {isa = PBXBuildFile; fileRef = EEF1376E2259E53400D7DDE0 /* Node.swift */; };
		EEF137712259E7E700D7DDE0 /* Visitor.swift in Sources */ = {isa = PBXBuildFile; fileRef = EEF137702259E7E700D7DDE0 /* Visitor.swift */; };
		EEF8580F22FA101C0025370B /* DownDebugLayoutManager.swift in Sources */ = {isa = PBXBuildFile; fileRef = EEF8580E22FA101C0025370B /* DownDebugLayoutManager.swift */; };
		EEF8581122FA11690025370B /* DownDebugTextView.swift in Sources */ = {isa = PBXBuildFile; fileRef = EEF8581022FA11690025370B /* DownDebugTextView.swift */; };
		EEFFFDDB22F4C36800036FD5 /* ThematicBreakAttribute.swift in Sources */ = {isa = PBXBuildFile; fileRef = EEFFFDDA22F4C36800036FD5 /* ThematicBreakAttribute.swift */; };
		EEFFFDDD22F4C8AB00036FD5 /* DownLayoutManager.swift in Sources */ = {isa = PBXBuildFile; fileRef = EEFFFDDC22F4C8AB00036FD5 /* DownLayoutManager.swift */; };
/* End PBXBuildFile section */

/* Begin PBXBuildRule section */
		8AE66BE21F848C1000ED4C98 /* PBXBuildRule */ = {
			isa = PBXBuildRule;
			compilerSpec = com.apple.compilers.pbxcp;
			filePatterns = "*.inc";
			fileType = pattern.proxy;
			inputFiles = (
			);
			isEditable = 1;
			outputFiles = (
			);
			script = "";
		};
		8AE66BE31F848C2900ED4C98 /* PBXBuildRule */ = {
			isa = PBXBuildRule;
			compilerSpec = com.apple.compilers.pbxcp;
			filePatterns = "*COPYING";
			fileType = pattern.proxy;
			inputFiles = (
			);
			isEditable = 1;
			outputFiles = (
			);
			script = "";
		};
		8AE66BE41F848C3900ED4C98 /* PBXBuildRule */ = {
			isa = PBXBuildRule;
			compilerSpec = com.apple.compilers.pbxcp;
			filePatterns = "*.modulemap";
			fileType = pattern.proxy;
			inputFiles = (
			);
			isEditable = 1;
			outputFiles = (
			);
			script = "";
		};
/* End PBXBuildRule section */

/* Begin PBXContainerItemProxy section */
		8AFAEB011E6E32E900E09B68 /* PBXContainerItemProxy */ = {
			isa = PBXContainerItemProxy;
			containerPortal = D4201E771CFA5151008EEC6E /* Project object */;
			proxyType = 1;
			remoteGlobalIDString = 8A569F3F1E6B3E50008BE2AC;
			remoteInfo = Down;
		};
/* End PBXContainerItemProxy section */

/* Begin PBXCopyFilesBuildPhase section */
		90A40A9B1EC03282004F2E91 /* Copy Bundled Frameworks */ = {
			isa = PBXCopyFilesBuildPhase;
			buildActionMask = 2147483647;
			dstPath = "";
			dstSubfolderSpec = 7;
			files = (
				90A40A9C1EC03292004F2E91 /* Down.framework in Copy Bundled Frameworks */,
			);
			name = "Copy Bundled Frameworks";
			runOnlyForDeploymentPostprocessing = 0;
		};
/* End PBXCopyFilesBuildPhase section */

/* Begin PBXFileReference section */
		14C5E33621877FCD00D5380C /* DownView (macOS).bundle */ = {isa = PBXFileReference; lastKnownFileType = "wrapper.plug-in"; path = "DownView (macOS).bundle"; sourceTree = "<group>"; };
		26CABB92252B4D490032183C /* ChildSequence.swift */ = {isa = PBXFileReference; lastKnownFileType = sourcecode.swift; path = ChildSequence.swift; sourceTree = "<group>"; };
		6D553BCB26691C5600CB3C9F /* AsyncImageLoad.swift */ = {isa = PBXFileReference; fileEncoding = 4; lastKnownFileType = sourcecode.swift; path = AsyncImageLoad.swift; sourceTree = "<group>"; };
		8A569F401E6B3E50008BE2AC /* Down.framework */ = {isa = PBXFileReference; explicitFileType = wrapper.framework; includeInIndex = 0; path = Down.framework; sourceTree = BUILT_PRODUCTS_DIR; };
		8AFAEAFB1E6E32E900E09B68 /* DownTests.xctest */ = {isa = PBXFileReference; explicitFileType = wrapper.cfbundle; includeInIndex = 0; path = DownTests.xctest; sourceTree = BUILT_PRODUCTS_DIR; };
		8C73B9B522A687C400C8E60F /* module.modulemap */ = {isa = PBXFileReference; fileEncoding = 4; lastKnownFileType = "sourcecode.module-map"; path = module.modulemap; sourceTree = "<group>"; };
		907C64621EC120530095FEE1 /* TestDownView.bundle */ = {isa = PBXFileReference; lastKnownFileType = "wrapper.plug-in"; path = TestDownView.bundle; sourceTree = "<group>"; };
		90A40A951EC02FF6004F2E91 /* Down-Info.plist */ = {isa = PBXFileReference; lastKnownFileType = text.plist.xml; path = "Down-Info.plist"; sourceTree = "<group>"; };
		90A40A961EC02FF6004F2E91 /* DownTests-Info.plist */ = {isa = PBXFileReference; lastKnownFileType = text.plist.xml; path = "DownTests-Info.plist"; sourceTree = "<group>"; };
		90A40A981EC0309A004F2E91 /* Deployment-Targets.xcconfig */ = {isa = PBXFileReference; lastKnownFileType = text.xcconfig; path = "Deployment-Targets.xcconfig"; sourceTree = "<group>"; };
		90A40A991EC0309A004F2E91 /* Universal-Framework-Target.xcconfig */ = {isa = PBXFileReference; lastKnownFileType = text.xcconfig; path = "Universal-Framework-Target.xcconfig"; sourceTree = "<group>"; };
		90A40A9A1EC0309A004F2E91 /* Universal-Target-Base.xcconfig */ = {isa = PBXFileReference; lastKnownFileType = text.xcconfig; path = "Universal-Target-Base.xcconfig"; sourceTree = "<group>"; };
		D41689B21CFFE28200E5802B /* DownViewTests.swift */ = {isa = PBXFileReference; fileEncoding = 4; lastKnownFileType = sourcecode.swift; path = DownViewTests.swift; sourceTree = "<group>"; };
		D41689B51CFFE6BB00E5802B /* DownView.bundle */ = {isa = PBXFileReference; lastKnownFileType = "wrapper.plug-in"; path = DownView.bundle; sourceTree = "<group>"; };
		D4201EC51CFA59A5008EEC6E /* BindingTests.swift */ = {isa = PBXFileReference; fileEncoding = 4; lastKnownFileType = sourcecode.swift; path = BindingTests.swift; sourceTree = "<group>"; };
		D4201EF01CFA59F2008EEC6E /* Down.swift */ = {isa = PBXFileReference; fileEncoding = 4; lastKnownFileType = sourcecode.swift; path = Down.swift; sourceTree = "<group>"; };
		D4201EF71CFA5D63008EEC6E /* blocks.c */ = {isa = PBXFileReference; fileEncoding = 4; lastKnownFileType = sourcecode.c.c; path = blocks.c; sourceTree = "<group>"; };
		D4201EF81CFA5D63008EEC6E /* buffer.c */ = {isa = PBXFileReference; fileEncoding = 4; lastKnownFileType = sourcecode.c.c; path = buffer.c; sourceTree = "<group>"; };
		D4201EF91CFA5D63008EEC6E /* buffer.h */ = {isa = PBXFileReference; fileEncoding = 4; lastKnownFileType = sourcecode.c.h; path = buffer.h; sourceTree = "<group>"; };
		D4201EFB1CFA5D63008EEC6E /* chunk.h */ = {isa = PBXFileReference; fileEncoding = 4; lastKnownFileType = sourcecode.c.h; path = chunk.h; sourceTree = "<group>"; };
		D4201EFC1CFA5D63008EEC6E /* cmark.c */ = {isa = PBXFileReference; fileEncoding = 4; lastKnownFileType = sourcecode.c.c; path = cmark.c; sourceTree = "<group>"; };
		D4201EFD1CFA5D63008EEC6E /* cmark.h */ = {isa = PBXFileReference; fileEncoding = 4; lastKnownFileType = sourcecode.c.h; path = cmark.h; sourceTree = "<group>"; };
		D4201EFE1CFA5D63008EEC6E /* cmark_ctype.c */ = {isa = PBXFileReference; fileEncoding = 4; lastKnownFileType = sourcecode.c.c; path = cmark_ctype.c; sourceTree = "<group>"; };
		D4201EFF1CFA5D63008EEC6E /* cmark_ctype.h */ = {isa = PBXFileReference; fileEncoding = 4; lastKnownFileType = sourcecode.c.h; path = cmark_ctype.h; sourceTree = "<group>"; };
		D4201F001CFA5D63008EEC6E /* cmark_export.h */ = {isa = PBXFileReference; fileEncoding = 4; lastKnownFileType = sourcecode.c.h; path = cmark_export.h; sourceTree = "<group>"; };
		D4201F011CFA5D63008EEC6E /* cmark_version.h */ = {isa = PBXFileReference; fileEncoding = 4; lastKnownFileType = sourcecode.c.h; path = cmark_version.h; sourceTree = "<group>"; };
		D4201F021CFA5D63008EEC6E /* commonmark.c */ = {isa = PBXFileReference; fileEncoding = 4; lastKnownFileType = sourcecode.c.c; path = commonmark.c; sourceTree = "<group>"; };
		D4201F031CFA5D63008EEC6E /* config.h */ = {isa = PBXFileReference; fileEncoding = 4; lastKnownFileType = sourcecode.c.h; path = config.h; sourceTree = "<group>"; };
		D4201F061CFA5D63008EEC6E /* houdini.h */ = {isa = PBXFileReference; fileEncoding = 4; lastKnownFileType = sourcecode.c.h; path = houdini.h; sourceTree = "<group>"; };
		D4201F071CFA5D63008EEC6E /* houdini_href_e.c */ = {isa = PBXFileReference; fileEncoding = 4; lastKnownFileType = sourcecode.c.c; path = houdini_href_e.c; sourceTree = "<group>"; };
		D4201F081CFA5D63008EEC6E /* houdini_html_e.c */ = {isa = PBXFileReference; fileEncoding = 4; lastKnownFileType = sourcecode.c.c; path = houdini_html_e.c; sourceTree = "<group>"; };
		D4201F091CFA5D63008EEC6E /* houdini_html_u.c */ = {isa = PBXFileReference; fileEncoding = 4; lastKnownFileType = sourcecode.c.c; path = houdini_html_u.c; sourceTree = "<group>"; };
		D4201F0A1CFA5D63008EEC6E /* html.c */ = {isa = PBXFileReference; fileEncoding = 4; lastKnownFileType = sourcecode.c.c; path = html.c; sourceTree = "<group>"; };
		D4201F0C1CFA5D63008EEC6E /* inlines.c */ = {isa = PBXFileReference; fileEncoding = 4; lastKnownFileType = sourcecode.c.c; path = inlines.c; sourceTree = "<group>"; };
		D4201F0D1CFA5D63008EEC6E /* inlines.h */ = {isa = PBXFileReference; fileEncoding = 4; lastKnownFileType = sourcecode.c.h; path = inlines.h; sourceTree = "<group>"; };
		D4201F0E1CFA5D63008EEC6E /* iterator.c */ = {isa = PBXFileReference; fileEncoding = 4; lastKnownFileType = sourcecode.c.c; path = iterator.c; sourceTree = "<group>"; };
		D4201F0F1CFA5D63008EEC6E /* iterator.h */ = {isa = PBXFileReference; fileEncoding = 4; lastKnownFileType = sourcecode.c.h; path = iterator.h; sourceTree = "<group>"; };
		D4201F101CFA5D63008EEC6E /* latex.c */ = {isa = PBXFileReference; fileEncoding = 4; lastKnownFileType = sourcecode.c.c; path = latex.c; sourceTree = "<group>"; };
		D4201F111CFA5D63008EEC6E /* man.c */ = {isa = PBXFileReference; fileEncoding = 4; lastKnownFileType = sourcecode.c.c; path = man.c; sourceTree = "<group>"; };
		D4201F131CFA5D63008EEC6E /* node.c */ = {isa = PBXFileReference; fileEncoding = 4; lastKnownFileType = sourcecode.c.c; path = node.c; sourceTree = "<group>"; };
		D4201F141CFA5D63008EEC6E /* node.h */ = {isa = PBXFileReference; fileEncoding = 4; lastKnownFileType = sourcecode.c.h; path = node.h; sourceTree = "<group>"; };
		D4201F151CFA5D63008EEC6E /* parser.h */ = {isa = PBXFileReference; fileEncoding = 4; lastKnownFileType = sourcecode.c.h; path = parser.h; sourceTree = "<group>"; };
		D4201F161CFA5D63008EEC6E /* references.c */ = {isa = PBXFileReference; fileEncoding = 4; lastKnownFileType = sourcecode.c.c; path = references.c; sourceTree = "<group>"; };
		D4201F171CFA5D63008EEC6E /* references.h */ = {isa = PBXFileReference; fileEncoding = 4; lastKnownFileType = sourcecode.c.h; path = references.h; sourceTree = "<group>"; };
		D4201F181CFA5D63008EEC6E /* render.c */ = {isa = PBXFileReference; fileEncoding = 4; lastKnownFileType = sourcecode.c.c; path = render.c; sourceTree = "<group>"; };
		D4201F191CFA5D63008EEC6E /* render.h */ = {isa = PBXFileReference; fileEncoding = 4; lastKnownFileType = sourcecode.c.h; path = render.h; sourceTree = "<group>"; };
		D4201F1A1CFA5D63008EEC6E /* scanners.c */ = {isa = PBXFileReference; fileEncoding = 4; lastKnownFileType = sourcecode.c.c; path = scanners.c; sourceTree = "<group>"; };
		D4201F1B1CFA5D63008EEC6E /* scanners.h */ = {isa = PBXFileReference; fileEncoding = 4; lastKnownFileType = sourcecode.c.h; path = scanners.h; sourceTree = "<group>"; };
		D4201F1C1CFA5D63008EEC6E /* utf8.c */ = {isa = PBXFileReference; fileEncoding = 4; lastKnownFileType = sourcecode.c.c; path = utf8.c; sourceTree = "<group>"; };
		D4201F1D1CFA5D63008EEC6E /* utf8.h */ = {isa = PBXFileReference; fileEncoding = 4; lastKnownFileType = sourcecode.c.h; path = utf8.h; sourceTree = "<group>"; };
		D4201F1E1CFA5D63008EEC6E /* xml.c */ = {isa = PBXFileReference; fileEncoding = 4; lastKnownFileType = sourcecode.c.c; path = xml.c; sourceTree = "<group>"; };
		D438696B1D00D27700E95A1F /* StringTests.swift */ = {isa = PBXFileReference; fileEncoding = 4; lastKnownFileType = sourcecode.swift; path = StringTests.swift; sourceTree = "<group>"; };
		D43AE5C91CFFAE4D006E1522 /* NSAttributedString+HTML.swift */ = {isa = PBXFileReference; fileEncoding = 4; lastKnownFileType = sourcecode.swift; path = "NSAttributedString+HTML.swift"; sourceTree = "<group>"; };
		D43AE5D91CFFD0D0006E1522 /* DownView.swift */ = {isa = PBXFileReference; fileEncoding = 4; lastKnownFileType = sourcecode.swift; path = DownView.swift; sourceTree = "<group>"; };
		D43AE5DB1CFFD473006E1522 /* String+ToHTML.swift */ = {isa = PBXFileReference; fileEncoding = 4; lastKnownFileType = sourcecode.swift; path = "String+ToHTML.swift"; sourceTree = "<group>"; };
		D44875E31CFA6B200037A624 /* DownRenderable.swift */ = {isa = PBXFileReference; fileEncoding = 4; lastKnownFileType = sourcecode.swift; path = DownRenderable.swift; sourceTree = "<group>"; };
		D44875E51CFA6B660037A624 /* DownHTMLRenderable.swift */ = {isa = PBXFileReference; fileEncoding = 4; lastKnownFileType = sourcecode.swift; path = DownHTMLRenderable.swift; sourceTree = "<group>"; };
		D44875E81CFA6CF30037A624 /* DownErrors.swift */ = {isa = PBXFileReference; fileEncoding = 4; lastKnownFileType = sourcecode.swift; path = DownErrors.swift; sourceTree = "<group>"; };
		D44875E91CFA6CF30037A624 /* DownOptions.swift */ = {isa = PBXFileReference; fileEncoding = 4; lastKnownFileType = sourcecode.swift; path = DownOptions.swift; sourceTree = "<group>"; };
		D486E9931CFDD33C0059FD7C /* DownXMLRenderable.swift */ = {isa = PBXFileReference; fileEncoding = 4; lastKnownFileType = sourcecode.swift; path = DownXMLRenderable.swift; sourceTree = "<group>"; };
		D486E9951CFDD4860059FD7C /* DownASTRenderable.swift */ = {isa = PBXFileReference; fileEncoding = 4; lastKnownFileType = sourcecode.swift; path = DownASTRenderable.swift; sourceTree = "<group>"; };
		D486E9971CFDE2730059FD7C /* DownLaTeXRenderable.swift */ = {isa = PBXFileReference; fileEncoding = 4; lastKnownFileType = sourcecode.swift; path = DownLaTeXRenderable.swift; sourceTree = "<group>"; };
		D486E9991CFDE28B0059FD7C /* DownGroffRenderable.swift */ = {isa = PBXFileReference; fileEncoding = 4; lastKnownFileType = sourcecode.swift; path = DownGroffRenderable.swift; sourceTree = "<group>"; };
		D4CF88961CFF94B300F07FD1 /* Down.h */ = {isa = PBXFileReference; lastKnownFileType = sourcecode.c.h; path = Down.h; sourceTree = "<group>"; };
		D4CF88971CFFAC2C00F07FD1 /* DownAttributedStringRenderable.swift */ = {isa = PBXFileReference; fileEncoding = 4; lastKnownFileType = sourcecode.swift; path = DownAttributedStringRenderable.swift; sourceTree = "<group>"; };
		D4DC91131CFDED4B0091CE09 /* DownCommonMarkRenderable.swift */ = {isa = PBXFileReference; fileEncoding = 4; lastKnownFileType = sourcecode.swift; path = DownCommonMarkRenderable.swift; sourceTree = "<group>"; };
		D4F948DB1D00A4A800C9C0F6 /* NSAttributedStringTests.swift */ = {isa = PBXFileReference; fileEncoding = 4; lastKnownFileType = sourcecode.swift; path = NSAttributedStringTests.swift; sourceTree = "<group>"; };
		EE0E54F72300800E0070C83F /* BlockBackgroundColorAttribute.swift */ = {isa = PBXFileReference; lastKnownFileType = sourcecode.swift; path = BlockBackgroundColorAttribute.swift; sourceTree = "<group>"; };
		EE335C4922EDC85900648842 /* ListItemStyleTests.swift */ = {isa = PBXFileReference; lastKnownFileType = sourcecode.swift; path = ListItemStyleTests.swift; sourceTree = "<group>"; };
		EE39B28026063E0D002C4F8D /* .swiftlint.yml */ = {isa = PBXFileReference; lastKnownFileType = text.yaml; path = .swiftlint.yml; sourceTree = "<group>"; };
		EE408A38230338B600E5278A /* CGPointTranslateTests.swift */ = {isa = PBXFileReference; lastKnownFileType = sourcecode.swift; path = CGPointTranslateTests.swift; sourceTree = "<group>"; };
		EE408A3A2303399B00E5278A /* CGRectHelpersTests.swift */ = {isa = PBXFileReference; lastKnownFileType = sourcecode.swift; path = CGRectHelpersTests.swift; sourceTree = "<group>"; };
		EE408A3C23033B6B00E5278A /* ListItemPrefixGeneratorTests.swift */ = {isa = PBXFileReference; lastKnownFileType = sourcecode.swift; path = ListItemPrefixGeneratorTests.swift; sourceTree = "<group>"; };
		EE44848A2301E51C0065C836 /* CodeBlockOptions.swift */ = {isa = PBXFileReference; lastKnownFileType = sourcecode.swift; path = CodeBlockOptions.swift; sourceTree = "<group>"; };
		EE4484902301F2920065C836 /* CGPoint+Translate.swift */ = {isa = PBXFileReference; lastKnownFileType = sourcecode.swift; path = "CGPoint+Translate.swift"; sourceTree = "<group>"; };
		EE4484922301F2DB0065C836 /* CGRect+Helpers.swift */ = {isa = PBXFileReference; lastKnownFileType = sourcecode.swift; path = "CGRect+Helpers.swift"; sourceTree = "<group>"; };
		EE469B10226CF3B500C0655D /* BaseNode.swift */ = {isa = PBXFileReference; lastKnownFileType = sourcecode.swift; path = BaseNode.swift; sourceTree = "<group>"; };
		EE48C7D822EC9250004815ED /* ParagraphStyleCollection.swift */ = {isa = PBXFileReference; lastKnownFileType = sourcecode.swift; path = ParagraphStyleCollection.swift; sourceTree = "<group>"; };
		EE48C7DA22EC946F004815ED /* ColorCollection.swift */ = {isa = PBXFileReference; lastKnownFileType = sourcecode.swift; path = ColorCollection.swift; sourceTree = "<group>"; };
		EE4F77C222FF3F170026A983 /* DownStylerConfiguration.swift */ = {isa = PBXFileReference; lastKnownFileType = sourcecode.swift; path = DownStylerConfiguration.swift; sourceTree = "<group>"; };
		EE54F96E22EB9CE500628683 /* SnapshotTesting.framework */ = {isa = PBXFileReference; lastKnownFileType = wrapper.framework; name = SnapshotTesting.framework; path = Carthage/Build/iOS/SnapshotTesting.framework; sourceTree = "<group>"; };
		EE59C30122ECF0BD006EE8A8 /* StylerTestSuite.swift */ = {isa = PBXFileReference; lastKnownFileType = sourcecode.swift; path = StylerTestSuite.swift; sourceTree = "<group>"; };
		EE5D2DF522FC99A6009EC13E /* LinkStyleTests.swift */ = {isa = PBXFileReference; lastKnownFileType = sourcecode.swift; path = LinkStyleTests.swift; sourceTree = "<group>"; };
		EE5D2DF822FC9E89009EC13E /* DownDebugLayoutManagerTests.swift */ = {isa = PBXFileReference; lastKnownFileType = sourcecode.swift; path = DownDebugLayoutManagerTests.swift; sourceTree = "<group>"; };
		EE5F2BA32262564A00B7C0F3 /* Styler.swift */ = {isa = PBXFileReference; lastKnownFileType = sourcecode.swift; path = Styler.swift; sourceTree = "<group>"; };
		EE64722A22F8BB0B00C5F0BA /* CodeBlockStyleTests.swift */ = {isa = PBXFileReference; lastKnownFileType = sourcecode.swift; path = CodeBlockStyleTests.swift; sourceTree = "<group>"; };
		EE64FEEF225BEB3900A35B34 /* VisitorTests.swift */ = {isa = PBXFileReference; lastKnownFileType = sourcecode.swift; path = VisitorTests.swift; sourceTree = "<group>"; };
		EE8F38CB22BFB2420056270E /* NodeTests.swift */ = {isa = PBXFileReference; lastKnownFileType = sourcecode.swift; path = NodeTests.swift; sourceTree = "<group>"; };
		EE8F38CD22BFEDE50056270E /* ListItemPrefixGenerator.swift */ = {isa = PBXFileReference; lastKnownFileType = sourcecode.swift; path = ListItemPrefixGenerator.swift; sourceTree = "<group>"; };
		EE97253D22C130D8004D3B3A /* NSMutableAttributedString+AttributesTests.swift */ = {isa = PBXFileReference; lastKnownFileType = sourcecode.swift; path = "NSMutableAttributedString+AttributesTests.swift"; sourceTree = "<group>"; };
		EE97254222C14B79004D3B3A /* NSAttributedString+HelpersTests.swift */ = {isa = PBXFileReference; lastKnownFileType = sourcecode.swift; path = "NSAttributedString+HelpersTests.swift"; sourceTree = "<group>"; };
		EE99E3DD22F0C83F00BCE15B /* HeadingStyleTests.swift */ = {isa = PBXFileReference; lastKnownFileType = sourcecode.swift; path = HeadingStyleTests.swift; sourceTree = "<group>"; };
		EE9E886222EF76040005948C /* InlineStyleTests.swift */ = {isa = PBXFileReference; lastKnownFileType = sourcecode.swift; path = InlineStyleTests.swift; sourceTree = "<group>"; };
		EEA2BDC322F704F200D0C72C /* QuoteStripeOptions.swift */ = {isa = PBXFileReference; lastKnownFileType = sourcecode.swift; path = QuoteStripeOptions.swift; sourceTree = "<group>"; };
		EEA2BDC522F7057600D0C72C /* ListItemOptions.swift */ = {isa = PBXFileReference; lastKnownFileType = sourcecode.swift; path = ListItemOptions.swift; sourceTree = "<group>"; };
		EEA2BDC722F705B900D0C72C /* BlockQuoteStyleTests.swift */ = {isa = PBXFileReference; lastKnownFileType = sourcecode.swift; path = BlockQuoteStyleTests.swift; sourceTree = "<group>"; };
		EEA2BDC922F7152B00D0C72C /* ThematicBreakOptions.swift */ = {isa = PBXFileReference; lastKnownFileType = sourcecode.swift; path = ThematicBreakOptions.swift; sourceTree = "<group>"; };
		EEA5C02822F58A0900B91D60 /* DownTextView.swift */ = {isa = PBXFileReference; lastKnownFileType = sourcecode.swift; path = DownTextView.swift; sourceTree = "<group>"; };
		EEA5C02A22F58B8000B91D60 /* ThematicBreakSyleTests.swift */ = {isa = PBXFileReference; lastKnownFileType = sourcecode.swift; path = ThematicBreakSyleTests.swift; sourceTree = "<group>"; };
		EEA5C02C22F5C96B00B91D60 /* QuoteStripeAttribute.swift */ = {isa = PBXFileReference; lastKnownFileType = sourcecode.swift; path = QuoteStripeAttribute.swift; sourceTree = "<group>"; };
		EEBE62EF25E28F3D005CCAD6 /* BundleHelper.swift */ = {isa = PBXFileReference; fileEncoding = 4; lastKnownFileType = sourcecode.swift; path = BundleHelper.swift; sourceTree = "<group>"; };
		EED8DA8D22BE404F00E54492 /* DownStyler.swift */ = {isa = PBXFileReference; lastKnownFileType = sourcecode.swift; path = DownStyler.swift; sourceTree = "<group>"; };
		EED8DA8F22BECBAE00E54492 /* NSAttributedString+Helpers.swift */ = {isa = PBXFileReference; lastKnownFileType = sourcecode.swift; path = "NSAttributedString+Helpers.swift"; sourceTree = "<group>"; };
		EED8DA9122BECBF200E54492 /* NSMutableAttributedString+Attributes.swift */ = {isa = PBXFileReference; lastKnownFileType = sourcecode.swift; path = "NSMutableAttributedString+Attributes.swift"; sourceTree = "<group>"; };
		EED8DA9322BECC2100E54492 /* UIFont+Traits.swift */ = {isa = PBXFileReference; lastKnownFileType = sourcecode.swift; path = "UIFont+Traits.swift"; sourceTree = "<group>"; };
		EED8DA9622BECD7500E54492 /* FontCollection.swift */ = {isa = PBXFileReference; lastKnownFileType = sourcecode.swift; path = FontCollection.swift; sourceTree = "<group>"; };
		EEE2C7F022C2AFEF001B7054 /* ListItemParagraphStyler.swift */ = {isa = PBXFileReference; lastKnownFileType = sourcecode.swift; path = ListItemParagraphStyler.swift; sourceTree = "<group>"; };
		EEEBEE46225D298D00AE438D /* Document.swift */ = {isa = PBXFileReference; lastKnownFileType = sourcecode.swift; path = Document.swift; sourceTree = "<group>"; };
		EEEBEE48225D29C200AE438D /* BlockQuote.swift */ = {isa = PBXFileReference; lastKnownFileType = sourcecode.swift; path = BlockQuote.swift; sourceTree = "<group>"; };
		EEEBEE4A225D29D800AE438D /* List.swift */ = {isa = PBXFileReference; lastKnownFileType = sourcecode.swift; path = List.swift; sourceTree = "<group>"; };
		EEEBEE4C225D2A0200AE438D /* Item.swift */ = {isa = PBXFileReference; lastKnownFileType = sourcecode.swift; path = Item.swift; sourceTree = "<group>"; };
		EEEBEE4E225D2A1400AE438D /* CodeBlock.swift */ = {isa = PBXFileReference; lastKnownFileType = sourcecode.swift; path = CodeBlock.swift; sourceTree = "<group>"; };
		EEEBEE50225D2A2900AE438D /* HtmlBlock.swift */ = {isa = PBXFileReference; lastKnownFileType = sourcecode.swift; path = HtmlBlock.swift; sourceTree = "<group>"; };
		EEEBEE52225D2A3C00AE438D /* CustomBlock.swift */ = {isa = PBXFileReference; lastKnownFileType = sourcecode.swift; path = CustomBlock.swift; sourceTree = "<group>"; };
		EEEBEE54225D2A4E00AE438D /* Paragraph.swift */ = {isa = PBXFileReference; lastKnownFileType = sourcecode.swift; path = Paragraph.swift; sourceTree = "<group>"; };
		EEEBEE56225D2A6200AE438D /* Heading.swift */ = {isa = PBXFileReference; lastKnownFileType = sourcecode.swift; path = Heading.swift; sourceTree = "<group>"; };
		EEEBEE58225D2A7000AE438D /* ThematicBreak.swift */ = {isa = PBXFileReference; lastKnownFileType = sourcecode.swift; path = ThematicBreak.swift; sourceTree = "<group>"; };
		EEEBEE5A225D2A7E00AE438D /* Text.swift */ = {isa = PBXFileReference; lastKnownFileType = sourcecode.swift; path = Text.swift; sourceTree = "<group>"; };
		EEEBEE5C225D2A8F00AE438D /* SoftBreak.swift */ = {isa = PBXFileReference; lastKnownFileType = sourcecode.swift; path = SoftBreak.swift; sourceTree = "<group>"; };
		EEEBEE5E225D2AA700AE438D /* LineBreak.swift */ = {isa = PBXFileReference; lastKnownFileType = sourcecode.swift; path = LineBreak.swift; sourceTree = "<group>"; };
		EEEBEE60225D2AC000AE438D /* Code.swift */ = {isa = PBXFileReference; lastKnownFileType = sourcecode.swift; path = Code.swift; sourceTree = "<group>"; };
		EEEBEE62225D2AD400AE438D /* HtmlInline.swift */ = {isa = PBXFileReference; lastKnownFileType = sourcecode.swift; path = HtmlInline.swift; sourceTree = "<group>"; };
		EEEBEE64225D2AE800AE438D /* CustomInline.swift */ = {isa = PBXFileReference; lastKnownFileType = sourcecode.swift; path = CustomInline.swift; sourceTree = "<group>"; };
		EEEBEE66225D2AF900AE438D /* Emphasis.swift */ = {isa = PBXFileReference; lastKnownFileType = sourcecode.swift; path = Emphasis.swift; sourceTree = "<group>"; };
		EEEBEE68225D2B1200AE438D /* Strong.swift */ = {isa = PBXFileReference; lastKnownFileType = sourcecode.swift; path = Strong.swift; sourceTree = "<group>"; };
		EEEBEE6A225D2B2200AE438D /* Link.swift */ = {isa = PBXFileReference; lastKnownFileType = sourcecode.swift; path = Link.swift; sourceTree = "<group>"; };
		EEEBEE6C225D2B3200AE438D /* Image.swift */ = {isa = PBXFileReference; lastKnownFileType = sourcecode.swift; path = Image.swift; sourceTree = "<group>"; };
		EEEBEE6F225D2B9D00AE438D /* DebugVisitor.swift */ = {isa = PBXFileReference; lastKnownFileType = sourcecode.swift; path = DebugVisitor.swift; sourceTree = "<group>"; };
		EEEBEE71225D2F9200AE438D /* AttributedStringVisitor.swift */ = {isa = PBXFileReference; lastKnownFileType = sourcecode.swift; path = AttributedStringVisitor.swift; sourceTree = "<group>"; };
		EEF1376E2259E53400D7DDE0 /* Node.swift */ = {isa = PBXFileReference; lastKnownFileType = sourcecode.swift; path = Node.swift; sourceTree = "<group>"; };
		EEF137702259E7E700D7DDE0 /* Visitor.swift */ = {isa = PBXFileReference; lastKnownFileType = sourcecode.swift; path = Visitor.swift; sourceTree = "<group>"; };
		EEF8580E22FA101C0025370B /* DownDebugLayoutManager.swift */ = {isa = PBXFileReference; lastKnownFileType = sourcecode.swift; path = DownDebugLayoutManager.swift; sourceTree = "<group>"; };
		EEF8581022FA11690025370B /* DownDebugTextView.swift */ = {isa = PBXFileReference; lastKnownFileType = sourcecode.swift; path = DownDebugTextView.swift; sourceTree = "<group>"; };
		EEFFFDDA22F4C36800036FD5 /* ThematicBreakAttribute.swift */ = {isa = PBXFileReference; lastKnownFileType = sourcecode.swift; path = ThematicBreakAttribute.swift; sourceTree = "<group>"; };
		EEFFFDDC22F4C8AB00036FD5 /* DownLayoutManager.swift */ = {isa = PBXFileReference; lastKnownFileType = sourcecode.swift; path = DownLayoutManager.swift; sourceTree = "<group>"; };
/* End PBXFileReference section */

/* Begin PBXFrameworksBuildPhase section */
		8AFAEAF81E6E32E900E09B68 /* Frameworks */ = {
			isa = PBXFrameworksBuildPhase;
			buildActionMask = 2147483647;
			files = (
				8AFAEB001E6E32E900E09B68 /* Down.framework in Frameworks */,
				EE3E7E812604019300170A52 /* SnapshotTesting in Frameworks */,
			);
			runOnlyForDeploymentPostprocessing = 0;
		};
/* End PBXFrameworksBuildPhase section */

/* Begin PBXGroup section */
		8C73B9B422A687C400C8E60F /* include */ = {
			isa = PBXGroup;
			children = (
				8C73B9B522A687C400C8E60F /* module.modulemap */,
			);
			path = include;
			sourceTree = "<group>";
		};
		907C64611EC120530095FEE1 /* Fixtures */ = {
			isa = PBXGroup;
			children = (
				907C64621EC120530095FEE1 /* TestDownView.bundle */,
			);
			path = Fixtures;
			sourceTree = "<group>";
		};
		90A40A971EC0309A004F2E91 /* Configurations */ = {
			isa = PBXGroup;
			children = (
				90A40A981EC0309A004F2E91 /* Deployment-Targets.xcconfig */,
				90A40A991EC0309A004F2E91 /* Universal-Framework-Target.xcconfig */,
				90A40A9A1EC0309A004F2E91 /* Universal-Target-Base.xcconfig */,
			);
			path = Configurations;
			sourceTree = "<group>";
		};
		D41689B41CFFE6BB00E5802B /* Supporting Files */ = {
			isa = PBXGroup;
			children = (
				90A40A971EC0309A004F2E91 /* Configurations */,
				90A40A951EC02FF6004F2E91 /* Down-Info.plist */,
				90A40A961EC02FF6004F2E91 /* DownTests-Info.plist */,
			);
			path = "Supporting Files";
			sourceTree = "<group>";
		};
		D4201E761CFA5151008EEC6E = {
			isa = PBXGroup;
			children = (
				EE39B28026063E0D002C4F8D /* .swiftlint.yml */,
				D4201E9B1CFA59A5008EEC6E /* Sources */,
				D41689B41CFFE6BB00E5802B /* Supporting Files */,
				D4201EC41CFA59A5008EEC6E /* Tests */,
				D4201E811CFA5151008EEC6E /* Products */,
				EE54F96D22EB9CE400628683 /* Frameworks */,
			);
			indentWidth = 4;
			sourceTree = "<group>";
			tabWidth = 4;
		};
		D4201E811CFA5151008EEC6E /* Products */ = {
			isa = PBXGroup;
			children = (
				8A569F401E6B3E50008BE2AC /* Down.framework */,
				8AFAEAFB1E6E32E900E09B68 /* DownTests.xctest */,
			);
			name = Products;
			sourceTree = "<group>";
		};
		D4201E9B1CFA59A5008EEC6E /* Sources */ = {
			isa = PBXGroup;
			children = (
				EED7D92025C6DA4300E52D18 /* Down */,
				D4201EF61CFA5D63008EEC6E /* cmark */,
			);
			path = Sources;
			sourceTree = "<group>";
		};
		D4201EC41CFA59A5008EEC6E /* Tests */ = {
			isa = PBXGroup;
			children = (
				EED7D92725C6DB9100E52D18 /* DownTests */,
			);
			path = Tests;
			sourceTree = "<group>";
		};
		D4201EF61CFA5D63008EEC6E /* cmark */ = {
			isa = PBXGroup;
			children = (
				8C73B9B422A687C400C8E60F /* include */,
				D4201EF71CFA5D63008EEC6E /* blocks.c */,
				D4201EF81CFA5D63008EEC6E /* buffer.c */,
				D4201EF91CFA5D63008EEC6E /* buffer.h */,
				D4201EFB1CFA5D63008EEC6E /* chunk.h */,
				D4201EFC1CFA5D63008EEC6E /* cmark.c */,
				D4201EFD1CFA5D63008EEC6E /* cmark.h */,
				D4201EFE1CFA5D63008EEC6E /* cmark_ctype.c */,
				D4201EFF1CFA5D63008EEC6E /* cmark_ctype.h */,
				D4201F001CFA5D63008EEC6E /* cmark_export.h */,
				D4201F011CFA5D63008EEC6E /* cmark_version.h */,
				D4201F021CFA5D63008EEC6E /* commonmark.c */,
				D4201F031CFA5D63008EEC6E /* config.h */,
				D4201F061CFA5D63008EEC6E /* houdini.h */,
				D4201F071CFA5D63008EEC6E /* houdini_href_e.c */,
				D4201F081CFA5D63008EEC6E /* houdini_html_e.c */,
				D4201F091CFA5D63008EEC6E /* houdini_html_u.c */,
				D4201F0A1CFA5D63008EEC6E /* html.c */,
				D4201F0C1CFA5D63008EEC6E /* inlines.c */,
				D4201F0D1CFA5D63008EEC6E /* inlines.h */,
				D4201F0E1CFA5D63008EEC6E /* iterator.c */,
				D4201F0F1CFA5D63008EEC6E /* iterator.h */,
				D4201F101CFA5D63008EEC6E /* latex.c */,
				D4201F111CFA5D63008EEC6E /* man.c */,
				D4201F131CFA5D63008EEC6E /* node.c */,
				D4201F141CFA5D63008EEC6E /* node.h */,
				D4201F151CFA5D63008EEC6E /* parser.h */,
				D4201F161CFA5D63008EEC6E /* references.c */,
				D4201F171CFA5D63008EEC6E /* references.h */,
				D4201F181CFA5D63008EEC6E /* render.c */,
				D4201F191CFA5D63008EEC6E /* render.h */,
				D4201F1A1CFA5D63008EEC6E /* scanners.c */,
				D4201F1B1CFA5D63008EEC6E /* scanners.h */,
				D4201F1C1CFA5D63008EEC6E /* utf8.c */,
				D4201F1D1CFA5D63008EEC6E /* utf8.h */,
				D4201F1E1CFA5D63008EEC6E /* xml.c */,
			);
			path = cmark;
			sourceTree = "<group>";
		};
		D43AE5C81CFFAE39006E1522 /* Extensions */ = {
			isa = PBXGroup;
			children = (
				D43AE5C91CFFAE4D006E1522 /* NSAttributedString+HTML.swift */,
				D43AE5DB1CFFD473006E1522 /* String+ToHTML.swift */,
			);
			path = Extensions;
			sourceTree = "<group>";
		};
		D43AE5CB1CFFD068006E1522 /* Views */ = {
			isa = PBXGroup;
			children = (
				D43AE5D91CFFD0D0006E1522 /* DownView.swift */,
				EEBE62EF25E28F3D005CCAD6 /* BundleHelper.swift */,
			);
			path = Views;
			sourceTree = "<group>";
		};
		D44875E21CFA6B120037A624 /* Renderers */ = {
			isa = PBXGroup;
			children = (
				D486E9951CFDD4860059FD7C /* DownASTRenderable.swift */,
				D4CF88971CFFAC2C00F07FD1 /* DownAttributedStringRenderable.swift */,
				D4DC91131CFDED4B0091CE09 /* DownCommonMarkRenderable.swift */,
				D486E9991CFDE28B0059FD7C /* DownGroffRenderable.swift */,
				D44875E51CFA6B660037A624 /* DownHTMLRenderable.swift */,
				D486E9971CFDE2730059FD7C /* DownLaTeXRenderable.swift */,
				D44875E31CFA6B200037A624 /* DownRenderable.swift */,
				D486E9931CFDD33C0059FD7C /* DownXMLRenderable.swift */,
			);
			path = Renderers;
			sourceTree = "<group>";
		};
		D44875E71CFA6CF30037A624 /* Enums & Options */ = {
			isa = PBXGroup;
			children = (
				D44875E81CFA6CF30037A624 /* DownErrors.swift */,
				D44875E91CFA6CF30037A624 /* DownOptions.swift */,
			);
			path = "Enums & Options";
			sourceTree = "<group>";
		};
		EE408A3E23033DFE00E5278A /* Helpers */ = {
			isa = PBXGroup;
			children = (
				EE408A3A2303399B00E5278A /* CGRectHelpersTests.swift */,
				EE408A38230338B600E5278A /* CGPointTranslateTests.swift */,
				EE97254222C14B79004D3B3A /* NSAttributedString+HelpersTests.swift */,
				EE97253D22C130D8004D3B3A /* NSMutableAttributedString+AttributesTests.swift */,
			);
			path = Helpers;
			sourceTree = "<group>";
		};
		EE48C7DE22EC99F3004815ED /* Attribute Collections */ = {
			isa = PBXGroup;
			children = (
				EED8DA9622BECD7500E54492 /* FontCollection.swift */,
				EE48C7DA22EC946F004815ED /* ColorCollection.swift */,
				EE48C7D822EC9250004815ED /* ParagraphStyleCollection.swift */,
			);
			path = "Attribute Collections";
			sourceTree = "<group>";
		};
		EE48C7DF22EC9A4D004815ED /* Extensions */ = {
			isa = PBXGroup;
			children = (
				EED8DA9322BECC2100E54492 /* UIFont+Traits.swift */,
				EED8DA8F22BECBAE00E54492 /* NSAttributedString+Helpers.swift */,
				EED8DA9122BECBF200E54492 /* NSMutableAttributedString+Attributes.swift */,
				EE4484902301F2920065C836 /* CGPoint+Translate.swift */,
				EE4484922301F2DB0065C836 /* CGRect+Helpers.swift */,
			);
			path = Extensions;
			sourceTree = "<group>";
		};
		EE54F96D22EB9CE400628683 /* Frameworks */ = {
			isa = PBXGroup;
			children = (
				EE54F96E22EB9CE500628683 /* SnapshotTesting.framework */,
			);
			name = Frameworks;
			sourceTree = "<group>";
		};
		EE59C30022ECF08E006EE8A8 /* Styler */ = {
			isa = PBXGroup;
			children = (
				EE408A3E23033DFE00E5278A /* Helpers */,
				EE5D2DF822FC9E89009EC13E /* DownDebugLayoutManagerTests.swift */,
				EE5D2DF522FC99A6009EC13E /* LinkStyleTests.swift */,
				EE64722A22F8BB0B00C5F0BA /* CodeBlockStyleTests.swift */,
				EEA2BDC722F705B900D0C72C /* BlockQuoteStyleTests.swift */,
				EEA5C02A22F58B8000B91D60 /* ThematicBreakSyleTests.swift */,
				EE99E3DD22F0C83F00BCE15B /* HeadingStyleTests.swift */,
				EE9E886222EF76040005948C /* InlineStyleTests.swift */,
				EE335C4922EDC85900648842 /* ListItemStyleTests.swift */,
				EE59C30122ECF0BD006EE8A8 /* StylerTestSuite.swift */,
			);
			path = Styler;
			sourceTree = "<group>";
		};
		EE5D2DF722FC9D98009EC13E /* Options */ = {
			isa = PBXGroup;
			children = (
				EEA2BDC922F7152B00D0C72C /* ThematicBreakOptions.swift */,
				EEA2BDC322F704F200D0C72C /* QuoteStripeOptions.swift */,
				EEA2BDC522F7057600D0C72C /* ListItemOptions.swift */,
				EE44848A2301E51C0065C836 /* CodeBlockOptions.swift */,
			);
			path = Options;
			sourceTree = "<group>";
		};
		EE5D2DFA22FCA92F009EC13E /* Stylers */ = {
			isa = PBXGroup;
			children = (
				EE5F2BA32262564A00B7C0F3 /* Styler.swift */,
				EED8DA8D22BE404F00E54492 /* DownStyler.swift */,
				6D553BCB26691C5600CB3C9F /* AsyncImageLoad.swift */,
				EE4F77C222FF3F170026A983 /* DownStylerConfiguration.swift */,
			);
			path = Stylers;
			sourceTree = "<group>";
		};
		EE5D2DFB22FCA946009EC13E /* Layout Managers */ = {
			isa = PBXGroup;
			children = (
				EEFFFDDC22F4C8AB00036FD5 /* DownLayoutManager.swift */,
				EEF8580E22FA101C0025370B /* DownDebugLayoutManager.swift */,
			);
			path = "Layout Managers";
			sourceTree = "<group>";
		};
		EE5D2DFC22FCA953009EC13E /* Text Views */ = {
			isa = PBXGroup;
			children = (
				EEA5C02822F58A0900B91D60 /* DownTextView.swift */,
				EEF8581022FA11690025370B /* DownDebugTextView.swift */,
			);
			path = "Text Views";
			sourceTree = "<group>";
		};
		EE5F2BA22262562F00B7C0F3 /* Styling */ = {
			isa = PBXGroup;
			children = (
				EE5D2DFA22FCA92F009EC13E /* Stylers */,
				EEFFFDD922F4C35000036FD5 /* Custom Attributes */,
				EE5D2DFB22FCA946009EC13E /* Layout Managers */,
				EE5D2DFC22FCA953009EC13E /* Text Views */,
				EE48C7DE22EC99F3004815ED /* Attribute Collections */,
				EE5D2DF722FC9D98009EC13E /* Options */,
				EED8DA9522BECCF000E54492 /* Helpers */,
			);
			path = Styling;
			sourceTree = "<group>";
		};
		EEC752BE22C4AE1300EC729C /* AST */ = {
			isa = PBXGroup;
			children = (
				EE8F38CB22BFB2420056270E /* NodeTests.swift */,
				EE64FEEF225BEB3900A35B34 /* VisitorTests.swift */,
				EE408A3C23033B6B00E5278A /* ListItemPrefixGeneratorTests.swift */,
			);
			path = AST;
			sourceTree = "<group>";
		};
		EED7D92025C6DA4300E52D18 /* Down */ = {
			isa = PBXGroup;
			children = (
				EED7D94425C6DF2D00E52D18 /* Resources */,
				D4CF88961CFF94B300F07FD1 /* Down.h */,
				D4201EF01CFA59F2008EEC6E /* Down.swift */,
				EEF1376D2259E4BA00D7DDE0 /* AST */,
				D44875E71CFA6CF30037A624 /* Enums & Options */,
				D43AE5C81CFFAE39006E1522 /* Extensions */,
				D44875E21CFA6B120037A624 /* Renderers */,
				D43AE5CB1CFFD068006E1522 /* Views */,
			);
			path = Down;
			sourceTree = "<group>";
		};
		EED7D92725C6DB9100E52D18 /* DownTests */ = {
			isa = PBXGroup;
			children = (
				EE59C30022ECF08E006EE8A8 /* Styler */,
				907C64611EC120530095FEE1 /* Fixtures */,
				D4201EC51CFA59A5008EEC6E /* BindingTests.swift */,
				D41689B21CFFE28200E5802B /* DownViewTests.swift */,
				D4F948DB1D00A4A800C9C0F6 /* NSAttributedStringTests.swift */,
				D438696B1D00D27700E95A1F /* StringTests.swift */,
				EEC752BE22C4AE1300EC729C /* AST */,
			);
			path = DownTests;
			sourceTree = "<group>";
		};
		EED7D94425C6DF2D00E52D18 /* Resources */ = {
			isa = PBXGroup;
			children = (
				D41689B51CFFE6BB00E5802B /* DownView.bundle */,
				14C5E33621877FCD00D5380C /* DownView (macOS).bundle */,
			);
			path = Resources;
			sourceTree = "<group>";
		};
		EED8DA9522BECCF000E54492 /* Helpers */ = {
			isa = PBXGroup;
			children = (
				EEE2C7F022C2AFEF001B7054 /* ListItemParagraphStyler.swift */,
				EE48C7DF22EC9A4D004815ED /* Extensions */,
			);
			path = Helpers;
			sourceTree = "<group>";
		};
		EEEBEE45225D297700AE438D /* Nodes */ = {
			isa = PBXGroup;
			children = (
				EE469B10226CF3B500C0655D /* BaseNode.swift */,
				EEEBEE48225D29C200AE438D /* BlockQuote.swift */,
				EEEBEE60225D2AC000AE438D /* Code.swift */,
				EEEBEE4E225D2A1400AE438D /* CodeBlock.swift */,
				EEEBEE52225D2A3C00AE438D /* CustomBlock.swift */,
				EEEBEE64225D2AE800AE438D /* CustomInline.swift */,
				EEEBEE46225D298D00AE438D /* Document.swift */,
				EEEBEE66225D2AF900AE438D /* Emphasis.swift */,
				EEEBEE56225D2A6200AE438D /* Heading.swift */,
				EEEBEE50225D2A2900AE438D /* HtmlBlock.swift */,
				EEEBEE62225D2AD400AE438D /* HtmlInline.swift */,
				EEEBEE6C225D2B3200AE438D /* Image.swift */,
				EEEBEE4C225D2A0200AE438D /* Item.swift */,
				EEEBEE5E225D2AA700AE438D /* LineBreak.swift */,
				EEEBEE6A225D2B2200AE438D /* Link.swift */,
				EEEBEE4A225D29D800AE438D /* List.swift */,
				EEF1376E2259E53400D7DDE0 /* Node.swift */,
				EEEBEE54225D2A4E00AE438D /* Paragraph.swift */,
				EEEBEE5C225D2A8F00AE438D /* SoftBreak.swift */,
				EEEBEE68225D2B1200AE438D /* Strong.swift */,
				EEEBEE5A225D2A7E00AE438D /* Text.swift */,
				EEEBEE58225D2A7000AE438D /* ThematicBreak.swift */,
				26CABB92252B4D490032183C /* ChildSequence.swift */,
			);
			path = Nodes;
			sourceTree = "<group>";
		};
		EEEBEE6E225D2B8200AE438D /* Visitors */ = {
			isa = PBXGroup;
			children = (
				EEEBEE71225D2F9200AE438D /* AttributedStringVisitor.swift */,
				EE8F38CD22BFEDE50056270E /* ListItemPrefixGenerator.swift */,
				EEEBEE6F225D2B9D00AE438D /* DebugVisitor.swift */,
				EEF137702259E7E700D7DDE0 /* Visitor.swift */,
			);
			path = Visitors;
			sourceTree = "<group>";
		};
		EEF1376D2259E4BA00D7DDE0 /* AST */ = {
			isa = PBXGroup;
			children = (
				EEEBEE45225D297700AE438D /* Nodes */,
				EEEBEE6E225D2B8200AE438D /* Visitors */,
				EE5F2BA22262562F00B7C0F3 /* Styling */,
			);
			path = AST;
			sourceTree = "<group>";
		};
		EEFFFDD922F4C35000036FD5 /* Custom Attributes */ = {
			isa = PBXGroup;
			children = (
				EEFFFDDA22F4C36800036FD5 /* ThematicBreakAttribute.swift */,
				EEA5C02C22F5C96B00B91D60 /* QuoteStripeAttribute.swift */,
				EE0E54F72300800E0070C83F /* BlockBackgroundColorAttribute.swift */,
			);
			path = "Custom Attributes";
			sourceTree = "<group>";
		};
/* End PBXGroup section */

/* Begin PBXHeadersBuildPhase section */
		8A569F3D1E6B3E50008BE2AC /* Headers */ = {
			isa = PBXHeadersBuildPhase;
			buildActionMask = 2147483647;
			files = (
				8A569F4C1E6B3ED9008BE2AC /* chunk.h in Headers */,
				8A569F631E6B3ED9008BE2AC /* node.h in Headers */,
				8A569F521E6B3ED9008BE2AC /* cmark_version.h in Headers */,
				8A569F661E6B3ED9008BE2AC /* references.h in Headers */,
				8A569F6A1E6B3ED9008BE2AC /* scanners.h in Headers */,
				8A569F4B1E6B3ED9008BE2AC /* buffer.h in Headers */,
				8A569F5D1E6B3ED9008BE2AC /* inlines.h in Headers */,
				8A569F681E6B3ED9008BE2AC /* render.h in Headers */,
				8A569F561E6B3ED9008BE2AC /* houdini.h in Headers */,
				8A569F6C1E6B3ED9008BE2AC /* utf8.h in Headers */,
				8A569F641E6B3ED9008BE2AC /* parser.h in Headers */,
				8A569F5F1E6B3ED9008BE2AC /* iterator.h in Headers */,
				8A569F541E6B3ED9008BE2AC /* config.h in Headers */,
				8A569F511E6B3ED9008BE2AC /* cmark_export.h in Headers */,
				8A569F4E1E6B3ED9008BE2AC /* cmark.h in Headers */,
				8A569F501E6B3ED9008BE2AC /* cmark_ctype.h in Headers */,
			);
			runOnlyForDeploymentPostprocessing = 0;
		};
/* End PBXHeadersBuildPhase section */

/* Begin PBXNativeTarget section */
		8A569F3F1E6B3E50008BE2AC /* Down */ = {
			isa = PBXNativeTarget;
			buildConfigurationList = 8A569F471E6B3E50008BE2AC /* Build configuration list for PBXNativeTarget "Down" */;
			buildPhases = (
				8A569F3B1E6B3E50008BE2AC /* Sources */,
				8A569F3D1E6B3E50008BE2AC /* Headers */,
				14C5E33421877CDC00D5380C /* Resources */,
				14CEAC38218774BC00039EDF /* Replace Bundle for macOS Platform */,
				EED185ED26054F800051E616 /* Swiftlint */,
			);
			buildRules = (
				8AE66BE41F848C3900ED4C98 /* PBXBuildRule */,
				8AE66BE31F848C2900ED4C98 /* PBXBuildRule */,
				8AE66BE21F848C1000ED4C98 /* PBXBuildRule */,
			);
			dependencies = (
			);
			name = Down;
			productName = Down;
			productReference = 8A569F401E6B3E50008BE2AC /* Down.framework */;
			productType = "com.apple.product-type.framework";
		};
		8AFAEAFA1E6E32E900E09B68 /* DownTests */ = {
			isa = PBXNativeTarget;
			buildConfigurationList = 8AFAEB031E6E32E900E09B68 /* Build configuration list for PBXNativeTarget "DownTests" */;
			buildPhases = (
				8AFAEAF71E6E32E900E09B68 /* Sources */,
				907C64641EC133740095FEE1 /* Resources */,
				8AFAEAF81E6E32E900E09B68 /* Frameworks */,
				90A40A9B1EC03282004F2E91 /* Copy Bundled Frameworks */,
			);
			buildRules = (
			);
			dependencies = (
				8AFAEB021E6E32E900E09B68 /* PBXTargetDependency */,
			);
			name = DownTests;
			packageProductDependencies = (
				EE3E7E802604019300170A52 /* SnapshotTesting */,
			);
			productName = "DownTests-macOS";
			productReference = 8AFAEAFB1E6E32E900E09B68 /* DownTests.xctest */;
			productType = "com.apple.product-type.bundle.unit-test";
		};
/* End PBXNativeTarget section */

/* Begin PBXProject section */
		D4201E771CFA5151008EEC6E /* Project object */ = {
			isa = PBXProject;
			attributes = {
				LastSwiftUpdateCheck = 1100;
				LastUpgradeCheck = 1020;
				ORGANIZATIONNAME = Down;
				TargetAttributes = {
					8A569F3F1E6B3E50008BE2AC = {
						CreatedOnToolsVersion = 8.2.1;
						LastSwiftMigration = 1020;
						ProvisioningStyle = Automatic;
					};
					8AFAEAFA1E6E32E900E09B68 = {
						CreatedOnToolsVersion = 8.2.1;
						LastSwiftMigration = 1020;
						ProvisioningStyle = Automatic;
					};
				};
			};
			buildConfigurationList = D4201E7A1CFA5151008EEC6E /* Build configuration list for PBXProject "Down" */;
			compatibilityVersion = "Xcode 3.2";
			developmentRegion = en;
			hasScannedForEncodings = 0;
			knownRegions = (
				en,
				Base,
			);
			mainGroup = D4201E761CFA5151008EEC6E;
			packageReferences = (
				EED7FED525E303000033E33A /* XCRemoteSwiftPackageReference "swift-snapshot-testing" */,
			);
			productRefGroup = D4201E811CFA5151008EEC6E /* Products */;
			projectDirPath = "";
			projectRoot = "";
			targets = (
				8A569F3F1E6B3E50008BE2AC /* Down */,
				8AFAEAFA1E6E32E900E09B68 /* DownTests */,
			);
		};
/* End PBXProject section */

/* Begin PBXResourcesBuildPhase section */
		14C5E33421877CDC00D5380C /* Resources */ = {
			isa = PBXResourcesBuildPhase;
			buildActionMask = 2147483647;
			files = (
				EED7FED825E3133C0033E33A /* DownView (macOS).bundle in Resources */,
				14C5E33521877CE900D5380C /* DownView.bundle in Resources */,
			);
			runOnlyForDeploymentPostprocessing = 0;
		};
		907C64641EC133740095FEE1 /* Resources */ = {
			isa = PBXResourcesBuildPhase;
			buildActionMask = 2147483647;
			files = (
				907C64651EC133780095FEE1 /* TestDownView.bundle in Resources */,
			);
			runOnlyForDeploymentPostprocessing = 0;
		};
/* End PBXResourcesBuildPhase section */

/* Begin PBXShellScriptBuildPhase section */
		14CEAC38218774BC00039EDF /* Replace Bundle for macOS Platform */ = {
			isa = PBXShellScriptBuildPhase;
			buildActionMask = 2147483647;
			files = (
			);
			inputFileListPaths = (
			);
			inputPaths = (
			);
			name = "Replace Bundle for macOS Platform";
			outputFileListPaths = (
			);
			outputPaths = (
			);
			runOnlyForDeploymentPostprocessing = 0;
			shellPath = /bin/sh;
			shellScript = "# Type a script or drag a script file from your workspace to insert its path.\nRESOURCE_PATH=$SRCROOT/Sources/Down/Resources\n\nFILENAME_IN_BUNDLE=DownView.bundle\n\nBUILD_APP_DIR=${BUILT_PRODUCTS_DIR}/${PRODUCT_NAME}.framework/Resources\n\necho \"$RESOURCE_PATH\"\necho \"$BUILD_APP_DIR\"\n\nif [ \"$PLATFORM_NAME\" == \"macosx\" ]; then\n    echo $BUILD_APP_DIR\n    rm -r \"$BUILD_APP_DIR/$FILENAME_IN_BUNDLE/\"\n    cp -R \"$RESOURCE_PATH/DownView (macOS).bundle\" \"$BUILD_APP_DIR/$FILENAME_IN_BUNDLE/\"\nfi\n";
			showEnvVarsInLog = 0;
		};
		EED185ED26054F800051E616 /* Swiftlint */ = {
			isa = PBXShellScriptBuildPhase;
			buildActionMask = 2147483647;
			files = (
			);
			inputFileListPaths = (
			);
			inputPaths = (
			);
			name = Swiftlint;
			outputFileListPaths = (
			);
			outputPaths = (
			);
			runOnlyForDeploymentPostprocessing = 0;
			shellPath = /bin/sh;
			shellScript = "if which swiftlint >/dev/null; then\n  swiftlint\nelse\n  echo \"warning: SwiftLint not installed, download from https://github.com/realm/SwiftLint\"\nfi\n";
		};
/* End PBXShellScriptBuildPhase section */

/* Begin PBXSourcesBuildPhase section */
		8A569F3B1E6B3E50008BE2AC /* Sources */ = {
			isa = PBXSourcesBuildPhase;
			buildActionMask = 2147483647;
			files = (
				8A569F611E6B3ED9008BE2AC /* man.c in Sources */,
				8A569F761E6B3EE3008BE2AC /* NSAttributedString+HTML.swift in Sources */,
				8A569F5A1E6B3ED9008BE2AC /* html.c in Sources */,
				8A569F5E1E6B3ED9008BE2AC /* iterator.c in Sources */,
				EEEBEE70225D2B9D00AE438D /* DebugVisitor.swift in Sources */,
				EEEBEE59225D2A7000AE438D /* ThematicBreak.swift in Sources */,
				8A569F481E6B3ED2008BE2AC /* DownView.swift in Sources */,
				EE4F77C322FF3F170026A983 /* DownStylerConfiguration.swift in Sources */,
				8A569F591E6B3ED9008BE2AC /* houdini_html_u.c in Sources */,
				EEEBEE63225D2AD400AE438D /* HtmlInline.swift in Sources */,
				8A569F621E6B3ED9008BE2AC /* node.c in Sources */,
				EE4484932301F2DB0065C836 /* CGRect+Helpers.swift in Sources */,
				26CABB93252B4D490032183C /* ChildSequence.swift in Sources */,
				EEEBEE6D225D2B3200AE438D /* Image.swift in Sources */,
				EED8DA9722BECD7500E54492 /* FontCollection.swift in Sources */,
				EEEBEE4D225D2A0200AE438D /* Item.swift in Sources */,
				EEF8580F22FA101C0025370B /* DownDebugLayoutManager.swift in Sources */,
				8A569F6F1E6B3EDE008BE2AC /* DownAttributedStringRenderable.swift in Sources */,
				EEEBEE55225D2A4E00AE438D /* Paragraph.swift in Sources */,
				EEBE62F025E28F3D005CCAD6 /* BundleHelper.swift in Sources */,
				8A569F721E6B3EDE008BE2AC /* DownHTMLRenderable.swift in Sources */,
				EED8DA9422BECC2100E54492 /* UIFont+Traits.swift in Sources */,
				EE44848B2301E51C0065C836 /* CodeBlockOptions.swift in Sources */,
				EE4484912301F2920065C836 /* CGPoint+Translate.swift in Sources */,
				EEFFFDDB22F4C36800036FD5 /* ThematicBreakAttribute.swift in Sources */,
				EEE2C7F122C2AFEF001B7054 /* ListItemParagraphStyler.swift in Sources */,
				8A569F581E6B3ED9008BE2AC /* houdini_html_e.c in Sources */,
				EEEBEE5D225D2A8F00AE438D /* SoftBreak.swift in Sources */,
				EE48C7D922EC9250004815ED /* ParagraphStyleCollection.swift in Sources */,
				EEEBEE6B225D2B2200AE438D /* Link.swift in Sources */,
				8A569F531E6B3ED9008BE2AC /* commonmark.c in Sources */,
				EEA2BDC422F704F200D0C72C /* QuoteStripeOptions.swift in Sources */,
				8A569F4A1E6B3ED9008BE2AC /* buffer.c in Sources */,
				EED8DA9222BECBF200E54492 /* NSMutableAttributedString+Attributes.swift in Sources */,
				EED8DA9022BECBAE00E54492 /* NSAttributedString+Helpers.swift in Sources */,
				EEFFFDDD22F4C8AB00036FD5 /* DownLayoutManager.swift in Sources */,
				8A569F771E6B3EE3008BE2AC /* String+ToHTML.swift in Sources */,
				8A569F751E6B3EDE008BE2AC /* DownRenderable.swift in Sources */,
				6D553BCC26691C5600CB3C9F /* AsyncImageLoad.swift in Sources */,
				EEA2BDC622F7057600D0C72C /* ListItemOptions.swift in Sources */,
				EE8F38CE22BFEDE50056270E /* ListItemPrefixGenerator.swift in Sources */,
				8A569F741E6B3EDE008BE2AC /* DownXMLRenderable.swift in Sources */,
				8A569F6B1E6B3ED9008BE2AC /* utf8.c in Sources */,
				8A569F791E6B3EE7008BE2AC /* DownOptions.swift in Sources */,
				EEEBEE72225D2F9200AE438D /* AttributedStringVisitor.swift in Sources */,
				EEEBEE4B225D29D800AE438D /* List.swift in Sources */,
				EEEBEE57225D2A6200AE438D /* Heading.swift in Sources */,
				8A569F601E6B3ED9008BE2AC /* latex.c in Sources */,
				8A569F711E6B3EDE008BE2AC /* DownGroffRenderable.swift in Sources */,
				EEEBEE51225D2A2900AE438D /* HtmlBlock.swift in Sources */,
				8A569F691E6B3ED9008BE2AC /* scanners.c in Sources */,
				8A569F701E6B3EDE008BE2AC /* DownCommonMarkRenderable.swift in Sources */,
				8A569F7A1E6B3EEA008BE2AC /* Down.swift in Sources */,
				EE5F2BA42262564A00B7C0F3 /* Styler.swift in Sources */,
				EEA5C02922F58A0900B91D60 /* DownTextView.swift in Sources */,
				8A569F731E6B3EDE008BE2AC /* DownLaTeXRenderable.swift in Sources */,
				8A569F781E6B3EE7008BE2AC /* DownErrors.swift in Sources */,
				8A569F5C1E6B3ED9008BE2AC /* inlines.c in Sources */,
				EE48C7DB22EC946F004815ED /* ColorCollection.swift in Sources */,
				EEA5C02D22F5C96B00B91D60 /* QuoteStripeAttribute.swift in Sources */,
				8A569F571E6B3ED9008BE2AC /* houdini_href_e.c in Sources */,
				8A569F4D1E6B3ED9008BE2AC /* cmark.c in Sources */,
				EEEBEE65225D2AE800AE438D /* CustomInline.swift in Sources */,
				EE0E54F82300800E0070C83F /* BlockBackgroundColorAttribute.swift in Sources */,
				EEF1376F2259E53400D7DDE0 /* Node.swift in Sources */,
				8A569F6D1E6B3ED9008BE2AC /* xml.c in Sources */,
				8A569F6E1E6B3EDE008BE2AC /* DownASTRenderable.swift in Sources */,
				EEF8581122FA11690025370B /* DownDebugTextView.swift in Sources */,
				EEEBEE5B225D2A7E00AE438D /* Text.swift in Sources */,
				EEEBEE4F225D2A1400AE438D /* CodeBlock.swift in Sources */,
				EED8DA8E22BE404F00E54492 /* DownStyler.swift in Sources */,
				EEEBEE5F225D2AA700AE438D /* LineBreak.swift in Sources */,
				EEEBEE61225D2AC000AE438D /* Code.swift in Sources */,
				8A569F491E6B3ED9008BE2AC /* blocks.c in Sources */,
				EEF137712259E7E700D7DDE0 /* Visitor.swift in Sources */,
				EEEBEE53225D2A3C00AE438D /* CustomBlock.swift in Sources */,
				EEEBEE69225D2B1200AE438D /* Strong.swift in Sources */,
				EEEBEE47225D298D00AE438D /* Document.swift in Sources */,
				8A569F4F1E6B3ED9008BE2AC /* cmark_ctype.c in Sources */,
				EE469B11226CF3B500C0655D /* BaseNode.swift in Sources */,
				8A569F671E6B3ED9008BE2AC /* render.c in Sources */,
				EEEBEE49225D29C200AE438D /* BlockQuote.swift in Sources */,
				8A569F651E6B3ED9008BE2AC /* references.c in Sources */,
				EEEBEE67225D2AF900AE438D /* Emphasis.swift in Sources */,
				EEA2BDCA22F7152B00D0C72C /* ThematicBreakOptions.swift in Sources */,
			);
			runOnlyForDeploymentPostprocessing = 0;
		};
		8AFAEAF71E6E32E900E09B68 /* Sources */ = {
			isa = PBXSourcesBuildPhase;
			buildActionMask = 2147483647;
			files = (
				EE3E7E54260400F900170A52 /* ThematicBreakSyleTests.swift in Sources */,
				EE3E7E4D260400F500170A52 /* BlockQuoteStyleTests.swift in Sources */,
				EE97253E22C130D8004D3B3A /* NSMutableAttributedString+AttributesTests.swift in Sources */,
				EE3E7E622604010000170A52 /* InlineStyleTests.swift in Sources */,
				EE3E7E702604010700170A52 /* StylerTestSuite.swift in Sources */,
				EE3E7E692604010300170A52 /* ListItemStyleTests.swift in Sources */,
				EE3E7E46260400F100170A52 /* CodeBlockStyleTests.swift in Sources */,
				EE97254322C14B79004D3B3A /* NSAttributedString+HelpersTests.swift in Sources */,
				8AFAEB091E6E331700E09B68 /* StringTests.swift in Sources */,
				EE3E7E5B260400FC00170A52 /* HeadingStyleTests.swift in Sources */,
				EE408A3D23033B6B00E5278A /* ListItemPrefixGeneratorTests.swift in Sources */,
				EE8F38CC22BFB2420056270E /* NodeTests.swift in Sources */,
				EE3E7E3F260400EE00170A52 /* LinkStyleTests.swift in Sources */,
				EE3E7E38260400E800170A52 /* DownDebugLayoutManagerTests.swift in Sources */,
				EE408A39230338B600E5278A /* CGPointTranslateTests.swift in Sources */,
				EE408A3B2303399B00E5278A /* CGRectHelpersTests.swift in Sources */,
				EE3E7E88260401F000170A52 /* VisitorTests.swift in Sources */,
				8AFAEB071E6E331700E09B68 /* DownViewTests.swift in Sources */,
				8AFAEB061E6E331700E09B68 /* BindingTests.swift in Sources */,
				8AFAEB081E6E331700E09B68 /* NSAttributedStringTests.swift in Sources */,
			);
			runOnlyForDeploymentPostprocessing = 0;
		};
/* End PBXSourcesBuildPhase section */

/* Begin PBXTargetDependency section */
		8AFAEB021E6E32E900E09B68 /* PBXTargetDependency */ = {
			isa = PBXTargetDependency;
			target = 8A569F3F1E6B3E50008BE2AC /* Down */;
			targetProxy = 8AFAEB011E6E32E900E09B68 /* PBXContainerItemProxy */;
		};
/* End PBXTargetDependency section */

/* Begin XCBuildConfiguration section */
		8A569F451E6B3E50008BE2AC /* Debug */ = {
			isa = XCBuildConfiguration;
			baseConfigurationReference = 90A40A991EC0309A004F2E91 /* Universal-Framework-Target.xcconfig */;
			buildSettings = {
				APPLICATION_EXTENSION_API_ONLY = YES;
				CODE_SIGN_IDENTITY = "";
				"CODE_SIGN_IDENTITY[sdk=iphoneos*]" = "";
				CODE_SIGN_STYLE = Automatic;
				DEFINES_MODULE = YES;
				DEVELOPMENT_TEAM = "";
				DYLIB_COMPATIBILITY_VERSION = 1;
				DYLIB_CURRENT_VERSION = 1;
				DYLIB_INSTALL_NAME_BASE = "@rpath";
				INFOPLIST_FILE = "Supporting Files/Down-Info.plist";
				INSTALL_PATH = "$(LOCAL_LIBRARY_DIR)/Frameworks";
				PROVISIONING_PROFILE_SPECIFIER = "";
				SKIP_INSTALL = YES;
				SWIFT_INCLUDE_PATHS = "${SRCROOT}/Sources/cmark";
				"VALID_ARCHS[sdk=iphonesimulator*]" = "i386 x86_64 arm64";
			};
			name = Debug;
		};
		8A569F461E6B3E50008BE2AC /* Release */ = {
			isa = XCBuildConfiguration;
			baseConfigurationReference = 90A40A991EC0309A004F2E91 /* Universal-Framework-Target.xcconfig */;
			buildSettings = {
				APPLICATION_EXTENSION_API_ONLY = YES;
				CODE_SIGN_IDENTITY = "";
				"CODE_SIGN_IDENTITY[sdk=iphoneos*]" = "";
				CODE_SIGN_STYLE = Automatic;
				DEFINES_MODULE = YES;
				DEVELOPMENT_TEAM = "";
				DYLIB_COMPATIBILITY_VERSION = 1;
				DYLIB_CURRENT_VERSION = 1;
				DYLIB_INSTALL_NAME_BASE = "@rpath";
				INFOPLIST_FILE = "Supporting Files/Down-Info.plist";
				INSTALL_PATH = "$(LOCAL_LIBRARY_DIR)/Frameworks";
				PROVISIONING_PROFILE_SPECIFIER = "";
				SKIP_INSTALL = YES;
				SWIFT_INCLUDE_PATHS = "${SRCROOT}/Sources/cmark";
				"VALID_ARCHS[sdk=iphonesimulator*]" = "i386 x86_64 arm64";
			};
			name = Release;
		};
		8AFAEB041E6E32E900E09B68 /* Debug */ = {
			isa = XCBuildConfiguration;
			baseConfigurationReference = 90A40A9A1EC0309A004F2E91 /* Universal-Target-Base.xcconfig */;
			buildSettings = {
				DEVELOPMENT_TEAM = "";
				FRAMEWORK_SEARCH_PATHS = (
					"$(inherited)",
					"$(PROJECT_DIR)/Carthage/Build/iOS",
				);
				INFOPLIST_FILE = "Supporting Files/DownTests-Info.plist";
				IPHONEOS_DEPLOYMENT_TARGET = 13.0;
				PRODUCT_BUNDLE_IDENTIFIER = com.downMarkdown.DownTests;
				"TARGETED_DEVICE_FAMILY[sdk=appletvos*]" = 3;
				"TARGETED_DEVICE_FAMILY[sdk=appletvsimulator*]" = 3;
				TVOS_DEPLOYMENT_TARGET = 13.0;
			};
			name = Debug;
		};
		8AFAEB051E6E32E900E09B68 /* Release */ = {
			isa = XCBuildConfiguration;
			baseConfigurationReference = 90A40A9A1EC0309A004F2E91 /* Universal-Target-Base.xcconfig */;
			buildSettings = {
				DEVELOPMENT_TEAM = "";
				FRAMEWORK_SEARCH_PATHS = (
					"$(inherited)",
					"$(PROJECT_DIR)/Carthage/Build/iOS",
				);
				INFOPLIST_FILE = "Supporting Files/DownTests-Info.plist";
				IPHONEOS_DEPLOYMENT_TARGET = 13.0;
				PRODUCT_BUNDLE_IDENTIFIER = com.downMarkdown.DownTests;
				"TARGETED_DEVICE_FAMILY[sdk=appletvos*]" = 3;
				"TARGETED_DEVICE_FAMILY[sdk=appletvsimulator*]" = 3;
				TVOS_DEPLOYMENT_TARGET = 13.0;
			};
			name = Release;
		};
		D4201E921CFA5151008EEC6E /* Debug */ = {
			isa = XCBuildConfiguration;
			baseConfigurationReference = 90A40A981EC0309A004F2E91 /* Deployment-Targets.xcconfig */;
			buildSettings = {
				ALWAYS_SEARCH_USER_PATHS = NO;
				CLANG_ALLOW_NON_MODULAR_INCLUDES_IN_FRAMEWORK_MODULES = YES;
				CLANG_ANALYZER_LOCALIZABILITY_NONLOCALIZED = YES;
				CLANG_ANALYZER_NONNULL = YES;
				CLANG_CXX_LANGUAGE_STANDARD = "gnu++0x";
				CLANG_CXX_LIBRARY = "libc++";
				CLANG_ENABLE_MODULES = YES;
				CLANG_ENABLE_OBJC_ARC = YES;
				CLANG_WARN_BLOCK_CAPTURE_AUTORELEASING = YES;
				CLANG_WARN_BOOL_CONVERSION = YES;
				CLANG_WARN_COMMA = YES;
				CLANG_WARN_CONSTANT_CONVERSION = YES;
				CLANG_WARN_DEPRECATED_OBJC_IMPLEMENTATIONS = YES;
				CLANG_WARN_DIRECT_OBJC_ISA_USAGE = YES_ERROR;
				CLANG_WARN_DOCUMENTATION_COMMENTS = YES;
				CLANG_WARN_EMPTY_BODY = YES;
				CLANG_WARN_ENUM_CONVERSION = YES;
				CLANG_WARN_INFINITE_RECURSION = YES;
				CLANG_WARN_INT_CONVERSION = YES;
				CLANG_WARN_NON_LITERAL_NULL_CONVERSION = YES;
				CLANG_WARN_OBJC_IMPLICIT_RETAIN_SELF = YES;
				CLANG_WARN_OBJC_LITERAL_CONVERSION = YES;
				CLANG_WARN_OBJC_ROOT_CLASS = YES_ERROR;
				CLANG_WARN_RANGE_LOOP_ANALYSIS = YES;
				CLANG_WARN_STRICT_PROTOTYPES = YES;
				CLANG_WARN_SUSPICIOUS_MOVE = YES;
				CLANG_WARN_UNREACHABLE_CODE = YES;
				CLANG_WARN__DUPLICATE_METHOD_MATCH = YES;
				"CODE_SIGN_IDENTITY[sdk=iphoneos*]" = "iPhone Developer";
				COPY_PHASE_STRIP = NO;
				CURRENT_PROJECT_VERSION = 1;
				DEBUG_INFORMATION_FORMAT = dwarf;
				ENABLE_STRICT_OBJC_MSGSEND = YES;
				ENABLE_TESTABILITY = YES;
				GCC_C_LANGUAGE_STANDARD = gnu99;
				GCC_DYNAMIC_NO_PIC = NO;
				GCC_NO_COMMON_BLOCKS = YES;
				GCC_OPTIMIZATION_LEVEL = 0;
				GCC_PREPROCESSOR_DEFINITIONS = (
					"DEBUG=1",
					"$(inherited)",
				);
				GCC_WARN_64_TO_32_BIT_CONVERSION = YES;
				GCC_WARN_ABOUT_RETURN_TYPE = YES_ERROR;
				GCC_WARN_UNDECLARED_SELECTOR = YES;
				GCC_WARN_UNINITIALIZED_AUTOS = YES_AGGRESSIVE;
				GCC_WARN_UNUSED_FUNCTION = YES;
				GCC_WARN_UNUSED_VARIABLE = YES;
				ONLY_ACTIVE_ARCH = YES;
				PRODUCT_BUNDLE_IDENTIFIER = "com.downMarkdown.$(TARGET_NAME:c99-identifier)";
				PRODUCT_NAME = "$(TARGET_NAME)";
				SWIFT_ACTIVE_COMPILATION_CONDITIONS = DEBUG;
				SWIFT_OPTIMIZATION_LEVEL = "-Onone";
				SWIFT_SWIFT3_OBJC_INFERENCE = Off;
				TARGETED_DEVICE_FAMILY = "1,2";
				VERSIONING_SYSTEM = "apple-generic";
				VERSION_INFO_PREFIX = "";
			};
			name = Debug;
		};
		D4201E931CFA5151008EEC6E /* Release */ = {
			isa = XCBuildConfiguration;
			baseConfigurationReference = 90A40A981EC0309A004F2E91 /* Deployment-Targets.xcconfig */;
			buildSettings = {
				ALWAYS_SEARCH_USER_PATHS = NO;
				CLANG_ALLOW_NON_MODULAR_INCLUDES_IN_FRAMEWORK_MODULES = YES;
				CLANG_ANALYZER_LOCALIZABILITY_NONLOCALIZED = YES;
				CLANG_ANALYZER_NONNULL = YES;
				CLANG_CXX_LANGUAGE_STANDARD = "gnu++0x";
				CLANG_CXX_LIBRARY = "libc++";
				CLANG_ENABLE_MODULES = YES;
				CLANG_ENABLE_OBJC_ARC = YES;
				CLANG_WARN_BLOCK_CAPTURE_AUTORELEASING = YES;
				CLANG_WARN_BOOL_CONVERSION = YES;
				CLANG_WARN_COMMA = YES;
				CLANG_WARN_CONSTANT_CONVERSION = YES;
				CLANG_WARN_DEPRECATED_OBJC_IMPLEMENTATIONS = YES;
				CLANG_WARN_DIRECT_OBJC_ISA_USAGE = YES_ERROR;
				CLANG_WARN_DOCUMENTATION_COMMENTS = YES;
				CLANG_WARN_EMPTY_BODY = YES;
				CLANG_WARN_ENUM_CONVERSION = YES;
				CLANG_WARN_INFINITE_RECURSION = YES;
				CLANG_WARN_INT_CONVERSION = YES;
				CLANG_WARN_NON_LITERAL_NULL_CONVERSION = YES;
				CLANG_WARN_OBJC_IMPLICIT_RETAIN_SELF = YES;
				CLANG_WARN_OBJC_LITERAL_CONVERSION = YES;
				CLANG_WARN_OBJC_ROOT_CLASS = YES_ERROR;
				CLANG_WARN_RANGE_LOOP_ANALYSIS = YES;
				CLANG_WARN_STRICT_PROTOTYPES = YES;
				CLANG_WARN_SUSPICIOUS_MOVE = YES;
				CLANG_WARN_UNREACHABLE_CODE = YES;
				CLANG_WARN__DUPLICATE_METHOD_MATCH = YES;
				"CODE_SIGN_IDENTITY[sdk=iphoneos*]" = "iPhone Developer";
				COPY_PHASE_STRIP = NO;
				CURRENT_PROJECT_VERSION = 1;
				DEBUG_INFORMATION_FORMAT = "dwarf-with-dsym";
				ENABLE_NS_ASSERTIONS = NO;
				ENABLE_STRICT_OBJC_MSGSEND = YES;
				GCC_C_LANGUAGE_STANDARD = gnu99;
				GCC_NO_COMMON_BLOCKS = YES;
				GCC_WARN_64_TO_32_BIT_CONVERSION = YES;
				GCC_WARN_ABOUT_RETURN_TYPE = YES_ERROR;
				GCC_WARN_UNDECLARED_SELECTOR = YES;
				GCC_WARN_UNINITIALIZED_AUTOS = YES_AGGRESSIVE;
				GCC_WARN_UNUSED_FUNCTION = YES;
				GCC_WARN_UNUSED_VARIABLE = YES;
				PRODUCT_BUNDLE_IDENTIFIER = "com.downMarkdown.$(TARGET_NAME:c99-identifier)";
				PRODUCT_NAME = "$(TARGET_NAME)";
				SWIFT_COMPILATION_MODE = wholemodule;
				SWIFT_OPTIMIZATION_LEVEL = "-O";
				SWIFT_SWIFT3_OBJC_INFERENCE = Off;
				TARGETED_DEVICE_FAMILY = "1,2";
				VALIDATE_PRODUCT = YES;
				VERSIONING_SYSTEM = "apple-generic";
				VERSION_INFO_PREFIX = "";
			};
			name = Release;
		};
/* End XCBuildConfiguration section */

/* Begin XCConfigurationList section */
		8A569F471E6B3E50008BE2AC /* Build configuration list for PBXNativeTarget "Down" */ = {
			isa = XCConfigurationList;
			buildConfigurations = (
				8A569F451E6B3E50008BE2AC /* Debug */,
				8A569F461E6B3E50008BE2AC /* Release */,
			);
			defaultConfigurationIsVisible = 0;
			defaultConfigurationName = Release;
		};
		8AFAEB031E6E32E900E09B68 /* Build configuration list for PBXNativeTarget "DownTests" */ = {
			isa = XCConfigurationList;
			buildConfigurations = (
				8AFAEB041E6E32E900E09B68 /* Debug */,
				8AFAEB051E6E32E900E09B68 /* Release */,
			);
			defaultConfigurationIsVisible = 0;
			defaultConfigurationName = Release;
		};
		D4201E7A1CFA5151008EEC6E /* Build configuration list for PBXProject "Down" */ = {
			isa = XCConfigurationList;
			buildConfigurations = (
				D4201E921CFA5151008EEC6E /* Debug */,
				D4201E931CFA5151008EEC6E /* Release */,
			);
			defaultConfigurationIsVisible = 0;
			defaultConfigurationName = Release;
		};
/* End XCConfigurationList section */

/* Begin XCRemoteSwiftPackageReference section */
		EED7FED525E303000033E33A /* XCRemoteSwiftPackageReference "swift-snapshot-testing" */ = {
			isa = XCRemoteSwiftPackageReference;
			repositoryURL = "https://github.com/pointfreeco/swift-snapshot-testing.git";
			requirement = {
				kind = upToNextMajorVersion;
				minimumVersion = 1.8.2;
			};
		};
/* End XCRemoteSwiftPackageReference section */

/* Begin XCSwiftPackageProductDependency section */
		EE3E7E802604019300170A52 /* SnapshotTesting */ = {
			isa = XCSwiftPackageProductDependency;
			package = EED7FED525E303000033E33A /* XCRemoteSwiftPackageReference "swift-snapshot-testing" */;
			productName = SnapshotTesting;
		};
/* End XCSwiftPackageProductDependency section */
	};
	rootObject = D4201E771CFA5151008EEC6E /* Project object */;
}
