{
  "pins" : [
    {
      "identity" : "swift-snapshot-testing",
      "kind" : "remoteSourceControl",
      "location" : "https://github.com/pointfreeco/swift-snapshot-testing.git",
      "state" : {
        "revision" : "c466812aa2e22898f27557e2e780d3aad7a27203",
        "version" : "1.8.2"
      }
    }
  ],
  "version" : 2
}
